// !$*UTF8*$!
{
	archiveVersion = 1;
	classes = {
	};
	objectVersion = 50;
	objects = {

/* Begin PBXBuildFile section */
		28751140572E12D2109013FA /* libPods-driverTerrace.a in Frameworks */ = {isa = PBXBuildFile; fileRef = 22FD2875E51B8A57DE8B8148 /* libPods-driverTerrace.a */; };
		B01CB32D2242482200A9F01C /* RouteListModel.m in Sources */ = {isa = PBXBuildFile; fileRef = B01CB32C2242482200A9F01C /* RouteListModel.m */; };
		B01CB331224376CA00A9F01C /* MyInfoModel.m in Sources */ = {isa = PBXBuildFile; fileRef = B01CB330224376CA00A9F01C /* MyInfoModel.m */; };
		B01CB3352243822600A9F01C /* ChangePassViewController.m in Sources */ = {isa = PBXBuildFile; fileRef = B01CB3342243822600A9F01C /* ChangePassViewController.m */; };
		B01CB3392243825A00A9F01C /* ChangePassView.m in Sources */ = {isa = PBXBuildFile; fileRef = B01CB3382243825A00A9F01C /* ChangePassView.m */; };
		B01CB33C224389AE00A9F01C /* PassTextView.m in Sources */ = {isa = PBXBuildFile; fileRef = B01CB33B224389AE00A9F01C /* PassTextView.m */; };
		B01CB34022438C5600A9F01C /* LeaveViewController.m in Sources */ = {isa = PBXBuildFile; fileRef = B01CB33F22438C5600A9F01C /* LeaveViewController.m */; };
		B01CB34422438C7E00A9F01C /* LeaveView.m in Sources */ = {isa = PBXBuildFile; fileRef = B01CB34322438C7E00A9F01C /* LeaveView.m */; };
		B01CB34C2243921000A9F01C /* LeaveTableViewCell.m in Sources */ = {isa = PBXBuildFile; fileRef = B01CB34A2243921000A9F01C /* LeaveTableViewCell.m */; };
		B01CB34D2243921000A9F01C /* LeaveTableViewCell.xib in Resources */ = {isa = PBXBuildFile; fileRef = B01CB34B2243921000A9F01C /* LeaveTableViewCell.xib */; };
		B0474D7F223B9ED6003C6AEE /* HomeUserView.m in Sources */ = {isa = PBXBuildFile; fileRef = B0474D7E223B9ED6003C6AEE /* HomeUserView.m */; };
		B0474D83223BAEED003C6AEE /* CityViewController.m in Sources */ = {isa = PBXBuildFile; fileRef = B0474D82223BAEED003C6AEE /* CityViewController.m */; };
		DA2B1B5C223CC5CB006CC5D3 /* AddPassengerView.m in Sources */ = {isa = PBXBuildFile; fileRef = DA2B1B5B223CC5CB006CC5D3 /* AddPassengerView.m */; };
		DA2B1B5F223D0E01006CC5D3 /* SettingView.m in Sources */ = {isa = PBXBuildFile; fileRef = DA2B1B5E223D0E01006CC5D3 /* SettingView.m */; };
		DA2B1B65223D12E3006CC5D3 /* ResetPassViewController.m in Sources */ = {isa = PBXBuildFile; fileRef = DA2B1B64223D12E3006CC5D3 /* ResetPassViewController.m */; };
		DA2B1B69223D591E006CC5D3 /* lawViewController.m in Sources */ = {isa = PBXBuildFile; fileRef = DA2B1B68223D591E006CC5D3 /* lawViewController.m */; };
		DA2B1B6D223D5943006CC5D3 /* lawView.m in Sources */ = {isa = PBXBuildFile; fileRef = DA2B1B6C223D5943006CC5D3 /* lawView.m */; };
		DA2B1B70223E5AEF006CC5D3 /* HomeAlertView.m in Sources */ = {isa = PBXBuildFile; fileRef = DA2B1B6F223E5AEF006CC5D3 /* HomeAlertView.m */; };
		DA2B1B73223E5CC8006CC5D3 /* HomeCarView.m in Sources */ = {isa = PBXBuildFile; fileRef = DA2B1B72223E5CC8006CC5D3 /* HomeCarView.m */; };
		DA2B1B77223E6155006CC5D3 /* LWDPageControl.m in Sources */ = {isa = PBXBuildFile; fileRef = DA2B1B76223E6154006CC5D3 /* LWDPageControl.m */; };
		DAA08EF52239406300E944FE /* AppDelegate.m in Sources */ = {isa = PBXBuildFile; fileRef = DAA08EF42239406300E944FE /* AppDelegate.m */; };
		DAA08EF82239406300E944FE /* ViewController.m in Sources */ = {isa = PBXBuildFile; fileRef = DAA08EF72239406300E944FE /* ViewController.m */; };
		DAA08EFB2239406300E944FE /* Main.storyboard in Resources */ = {isa = PBXBuildFile; fileRef = DAA08EF92239406300E944FE /* Main.storyboard */; };
		DAA08EFD2239406700E944FE /* Assets.xcassets in Resources */ = {isa = PBXBuildFile; fileRef = DAA08EFC2239406700E944FE /* Assets.xcassets */; };
		DAA08F002239406700E944FE /* LaunchScreen.storyboard in Resources */ = {isa = PBXBuildFile; fileRef = DAA08EFE2239406700E944FE /* LaunchScreen.storyboard */; };
		DAA08F032239406700E944FE /* main.m in Sources */ = {isa = PBXBuildFile; fileRef = DAA08F022239406700E944FE /* main.m */; };
		DAA08F0D2239406700E944FE /* driverTerraceTests.m in Sources */ = {isa = PBXBuildFile; fileRef = DAA08F0C2239406700E944FE /* driverTerraceTests.m */; };
		DAA08F182239406700E944FE /* driverTerraceUITests.m in Sources */ = {isa = PBXBuildFile; fileRef = DAA08F172239406700E944FE /* driverTerraceUITests.m */; };
		DAA08F6B22394CCE00E944FE /* BaseView.m in Sources */ = {isa = PBXBuildFile; fileRef = DAA08F5F22394CCE00E944FE /* BaseView.m */; };
		DAA08F6C22394CCE00E944FE /* BaseViewController.m in Sources */ = {isa = PBXBuildFile; fileRef = DAA08F6022394CCE00E944FE /* BaseViewController.m */; };
		DAA08F6E22394CCE00E944FE /* BaseTableView.m in Sources */ = {isa = PBXBuildFile; fileRef = DAA08F6422394CCE00E944FE /* BaseTableView.m */; };
		DAA08F6F22394CCE00E944FE /* BaseNavController.m in Sources */ = {isa = PBXBuildFile; fileRef = DAA08F6622394CCE00E944FE /* BaseNavController.m */; };
		DAA08F7322394D3000E944FE /* HomeViewController.m in Sources */ = {isa = PBXBuildFile; fileRef = DAA08F7222394D3000E944FE /* HomeViewController.m */; };
		DAA08F7922394FF300E944FE /* LoginView.m in Sources */ = {isa = PBXBuildFile; fileRef = DAA08F7822394FF300E944FE /* LoginView.m */; };
		DAA08F7C2239508000E944FE /* LoginViewController.m in Sources */ = {isa = PBXBuildFile; fileRef = DAA08F7B2239508000E944FE /* LoginViewController.m */; };
		DAA08F802239513A00E944FE /* LoginTextView.m in Sources */ = {isa = PBXBuildFile; fileRef = DAA08F7F2239513A00E944FE /* LoginTextView.m */; };
		DAA08F83223A945200E944FE /* HomeTopView.m in Sources */ = {isa = PBXBuildFile; fileRef = DAA08F82223A945200E944FE /* HomeTopView.m */; };
		DAA08F86223A946800E944FE /* HomePeopleView.m in Sources */ = {isa = PBXBuildFile; fileRef = DAA08F85223A946800E944FE /* HomePeopleView.m */; };
		DAA08F89223AB7AC00E944FE /* RouteViewController.m in Sources */ = {isa = PBXBuildFile; fileRef = DAA08F88223AB7AC00E944FE /* RouteViewController.m */; };
		DAA08F8C223AB7BB00E944FE /* RouteDetailViewController.m in Sources */ = {isa = PBXBuildFile; fileRef = DAA08F8B223AB7BB00E944FE /* RouteDetailViewController.m */; };
		DAA08F8F223AB7D000E944FE /* RouteView.m in Sources */ = {isa = PBXBuildFile; fileRef = DAA08F8E223AB7D000E944FE /* RouteView.m */; };
		DAA08F93223AB8BF00E944FE /* RouteViewTableViewCell.m in Sources */ = {isa = PBXBuildFile; fileRef = DAA08F92223AB8BF00E944FE /* RouteViewTableViewCell.m */; };
		DAA08F96223AC07400E944FE /* RouteDetailView.m in Sources */ = {isa = PBXBuildFile; fileRef = DAA08F95223AC07400E944FE /* RouteDetailView.m */; };
		DAA08F9A223AC09D00E944FE /* RouteDetailTableViewCell.m in Sources */ = {isa = PBXBuildFile; fileRef = DAA08F99223AC09D00E944FE /* RouteDetailTableViewCell.m */; };
		DAA08FA1223ACA3100E944FE /* RouteDetailTopTableViewCell.m in Sources */ = {isa = PBXBuildFile; fileRef = DAA08F9F223ACA3100E944FE /* RouteDetailTopTableViewCell.m */; };
		DAA08FA2223ACA3100E944FE /* RouteDetailTopTableViewCell.xib in Resources */ = {isa = PBXBuildFile; fileRef = DAA08FA0223ACA3100E944FE /* RouteDetailTopTableViewCell.xib */; };
		DAA08FA5223BFAA000E944FE /* MyViewController.m in Sources */ = {isa = PBXBuildFile; fileRef = DAA08FA4223BFAA000E944FE /* MyViewController.m */; };
		DAA08FA8223BFB3200E944FE /* SettingViewController.m in Sources */ = {isa = PBXBuildFile; fileRef = DAA08FA7223BFB3200E944FE /* SettingViewController.m */; };
		DAA08FAB223BFDA500E944FE /* MyHeaderTableViewCell.m in Sources */ = {isa = PBXBuildFile; fileRef = DAA08FAA223BFDA500E944FE /* MyHeaderTableViewCell.m */; };
		DAA08FAE223C03E400E944FE /* MyTextFieldTableViewCell.m in Sources */ = {isa = PBXBuildFile; fileRef = DAA08FAD223C03E400E944FE /* MyTextFieldTableViewCell.m */; };
		DAA08FB5223C13D400E944FE /* JhlvShowAlertController.m in Sources */ = {isa = PBXBuildFile; fileRef = DAA08FB3223C13D400E944FE /* JhlvShowAlertController.m */; };
		DAA08FB6223C13D400E944FE /* CustomView.m in Sources */ = {isa = PBXBuildFile; fileRef = DAA08FB4223C13D400E944FE /* CustomView.m */; };
		DAA08FBB223C1A7B00E944FE /* LZPickerView.xib in Resources */ = {isa = PBXBuildFile; fileRef = DAA08FB9223C1A7A00E944FE /* LZPickerView.xib */; };
		DAA08FBC223C1A7B00E944FE /* LZPickerView.m in Sources */ = {isa = PBXBuildFile; fileRef = DAA08FBA223C1A7B00E944FE /* LZPickerView.m */; };
		DAA08FBF223C1C0D00E944FE /* AddPassengerViewController.m in Sources */ = {isa = PBXBuildFile; fileRef = DAA08FBE223C1C0D00E944FE /* AddPassengerViewController.m */; };
		DAA08FC2223C1D6300E944FE /* AddSelectedTableViewCell.m in Sources */ = {isa = PBXBuildFile; fileRef = DAA08FC1223C1D6300E944FE /* AddSelectedTableViewCell.m */; };
		DAA08FC5223C82E800E944FE /* RegisterViewController.m in Sources */ = {isa = PBXBuildFile; fileRef = DAA08FC4223C82E800E944FE /* RegisterViewController.m */; };
		DAA08FC9223CC20000E944FE /* MyView.m in Sources */ = {isa = PBXBuildFile; fileRef = DAA08FC8223CC20000E944FE /* MyView.m */; };
		DAC779E3223FC221002B6C0E /* AllRequest.m in Sources */ = {isa = PBXBuildFile; fileRef = DAC779E2223FC221002B6C0E /* AllRequest.m */; };
		DAC779E7223FC237002B6C0E /* JsonDeal.m in Sources */ = {isa = PBXBuildFile; fileRef = DAC779E5223FC237002B6C0E /* JsonDeal.m */; };
		DAC779F2223FC261002B6C0E /* HttpHelper.m in Sources */ = {isa = PBXBuildFile; fileRef = DAC779E9223FC261002B6C0E /* HttpHelper.m */; };
		DAC779F3223FC261002B6C0E /* HttpHelpBase.m in Sources */ = {isa = PBXBuildFile; fileRef = DAC779EC223FC261002B6C0E /* HttpHelpBase.m */; };
		DAC779F4223FC261002B6C0E /* NHFDownImages.m in Sources */ = {isa = PBXBuildFile; fileRef = DAC779EE223FC261002B6C0E /* NHFDownImages.m */; };
		DAC779F5223FC261002B6C0E /* NHFUpLoadImages.m in Sources */ = {isa = PBXBuildFile; fileRef = DAC779F1223FC261002B6C0E /* NHFUpLoadImages.m */; };
		DAC779FC223FE48B002B6C0E /* UserInfoModel.m in Sources */ = {isa = PBXBuildFile; fileRef = DAC779FB223FE48B002B6C0E /* UserInfoModel.m */; };
		DAC779FF223FF3C2002B6C0E /* OrderModel.m in Sources */ = {isa = PBXBuildFile; fileRef = DAC779FE223FF3C2002B6C0E /* OrderModel.m */; };
		DAC77A022240077C002B6C0E /* RegisterView.m in Sources */ = {isa = PBXBuildFile; fileRef = DAC77A012240077C002B6C0E /* RegisterView.m */; };
		DAC77A0722413FAA002B6C0E /* ACActionSheet.bundle in Resources */ = {isa = PBXBuildFile; fileRef = DAC77A0522413FAA002B6C0E /* ACActionSheet.bundle */; };
		DAC77A0822413FAA002B6C0E /* ACActionSheet.m in Sources */ = {isa = PBXBuildFile; fileRef = DAC77A0622413FAA002B6C0E /* ACActionSheet.m */; };
		DAC77A0D2242838F002B6C0E /* MyWalletViewController.m in Sources */ = {isa = PBXBuildFile; fileRef = DAC77A0C2242838F002B6C0E /* MyWalletViewController.m */; };
		DAC77A1422428C87002B6C0E /* MyWalletView.m in Sources */ = {isa = PBXBuildFile; fileRef = DAC77A1322428C87002B6C0E /* MyWalletView.m */; };
		DAC77A1822428EAF002B6C0E /* MyWalletViewTableViewCell.m in Sources */ = {isa = PBXBuildFile; fileRef = DAC77A1622428EAF002B6C0E /* MyWalletViewTableViewCell.m */; };
		DAC77A1922428EAF002B6C0E /* MyWalletViewTableViewCell.xib in Resources */ = {isa = PBXBuildFile; fileRef = DAC77A1722428EAF002B6C0E /* MyWalletViewTableViewCell.xib */; };
		DAC77A272242A618002B6C0E /* dropdownFlag@3x.png in Resources */ = {isa = PBXBuildFile; fileRef = DAC77A232242A618002B6C0E /* dropdownFlag@3x.png */; };
		DAC77A282242A618002B6C0E /* dropdownFlag@2x.png in Resources */ = {isa = PBXBuildFile; fileRef = DAC77A242242A618002B6C0E /* dropdownFlag@2x.png */; };
		DAC77A292242A618002B6C0E /* EBDropdownListView.m in Sources */ = {isa = PBXBuildFile; fileRef = DAC77A252242A618002B6C0E /* EBDropdownListView.m */; };
		DAC77A3B2242ADE8002B6C0E /* NSDate+JKLunarCalendar.m in Sources */ = {isa = PBXBuildFile; fileRef = DAC77A2F2242ADE8002B6C0E /* NSDate+JKLunarCalendar.m */; };
		DAC77A3C2242ADE8002B6C0E /* NSDate+JKExtension.m in Sources */ = {isa = PBXBuildFile; fileRef = DAC77A312242ADE8002B6C0E /* NSDate+JKExtension.m */; };
		DAC77A3D2242ADE8002B6C0E /* NSDate+JKInternetDateTime.m in Sources */ = {isa = PBXBuildFile; fileRef = DAC77A322242ADE8002B6C0E /* NSDate+JKInternetDateTime.m */; };
		DAC77A3E2242ADE8002B6C0E /* NSDate+JKFormatter.m in Sources */ = {isa = PBXBuildFile; fileRef = DAC77A332242ADE8002B6C0E /* NSDate+JKFormatter.m */; };
		DAC77A3F2242ADE8002B6C0E /* NSDate+JKUtilities.m in Sources */ = {isa = PBXBuildFile; fileRef = DAC77A342242ADE8002B6C0E /* NSDate+JKUtilities.m */; };
		DAC77A402242ADE8002B6C0E /* NSDate+JKReporting.m in Sources */ = {isa = PBXBuildFile; fileRef = DAC77A352242ADE8002B6C0E /* NSDate+JKReporting.m */; };
		DAC77A412242ADE8002B6C0E /* NSDate+JKZeroDate.m in Sources */ = {isa = PBXBuildFile; fileRef = DAC77A362242ADE8002B6C0E /* NSDate+JKZeroDate.m */; };
		DAC77A422242ADE8002B6C0E /* NSDate+JKCupertinoYankee.m in Sources */ = {isa = PBXBuildFile; fileRef = DAC77A3A2242ADE8002B6C0E /* NSDate+JKCupertinoYankee.m */; };
		DAC77A462243CF87002B6C0E /* RouteDetailModel.m in Sources */ = {isa = PBXBuildFile; fileRef = DAC77A452243CF87002B6C0E /* RouteDetailModel.m */; };
		DAC77A4B2243D6B4002B6C0E /* OrderStatusTool.m in Sources */ = {isa = PBXBuildFile; fileRef = DAC77A4A2243D6B4002B6C0E /* OrderStatusTool.m */; };
/* End PBXBuildFile section */

/* Begin PBXContainerItemProxy section */
		DAA08F092239406700E944FE /* PBXContainerItemProxy */ = {
			isa = PBXContainerItemProxy;
			containerPortal = DAA08EE82239406300E944FE /* Project object */;
			proxyType = 1;
			remoteGlobalIDString = DAA08EEF2239406300E944FE;
			remoteInfo = driverTerrace;
		};
		DAA08F142239406700E944FE /* PBXContainerItemProxy */ = {
			isa = PBXContainerItemProxy;
			containerPortal = DAA08EE82239406300E944FE /* Project object */;
			proxyType = 1;
			remoteGlobalIDString = DAA08EEF2239406300E944FE;
			remoteInfo = driverTerrace;
		};
/* End PBXContainerItemProxy section */

/* Begin PBXFileReference section */
		22FD2875E51B8A57DE8B8148 /* libPods-driverTerrace.a */ = {isa = PBXFileReference; explicitFileType = archive.ar; includeInIndex = 0; path = "libPods-driverTerrace.a"; sourceTree = BUILT_PRODUCTS_DIR; };
		2C7B1639EF61C1F0557DEDA1 /* Pods-driverTerrace.release.xcconfig */ = {isa = PBXFileReference; includeInIndex = 1; lastKnownFileType = text.xcconfig; name = "Pods-driverTerrace.release.xcconfig"; path = "Pods/Target Support Files/Pods-driverTerrace/Pods-driverTerrace.release.xcconfig"; sourceTree = "<group>"; };
		34A57B9EC30AD0E5F955AF52 /* Pods-driverTerrace.debug.xcconfig */ = {isa = PBXFileReference; includeInIndex = 1; lastKnownFileType = text.xcconfig; name = "Pods-driverTerrace.debug.xcconfig"; path = "Pods/Target Support Files/Pods-driverTerrace/Pods-driverTerrace.debug.xcconfig"; sourceTree = "<group>"; };
		B01CB32B2242482200A9F01C /* RouteListModel.h */ = {isa = PBXFileReference; lastKnownFileType = sourcecode.c.h; path = RouteListModel.h; sourceTree = "<group>"; };
		B01CB32C2242482200A9F01C /* RouteListModel.m */ = {isa = PBXFileReference; lastKnownFileType = sourcecode.c.objc; path = RouteListModel.m; sourceTree = "<group>"; };
		B01CB32F224376CA00A9F01C /* MyInfoModel.h */ = {isa = PBXFileReference; lastKnownFileType = sourcecode.c.h; path = MyInfoModel.h; sourceTree = "<group>"; };
		B01CB330224376CA00A9F01C /* MyInfoModel.m */ = {isa = PBXFileReference; lastKnownFileType = sourcecode.c.objc; path = MyInfoModel.m; sourceTree = "<group>"; };
		B01CB3332243822600A9F01C /* ChangePassViewController.h */ = {isa = PBXFileReference; lastKnownFileType = sourcecode.c.h; path = ChangePassViewController.h; sourceTree = "<group>"; };
		B01CB3342243822600A9F01C /* ChangePassViewController.m */ = {isa = PBXFileReference; lastKnownFileType = sourcecode.c.objc; path = ChangePassViewController.m; sourceTree = "<group>"; };
		B01CB3372243825A00A9F01C /* ChangePassView.h */ = {isa = PBXFileReference; lastKnownFileType = sourcecode.c.h; path = ChangePassView.h; sourceTree = "<group>"; };
		B01CB3382243825A00A9F01C /* ChangePassView.m */ = {isa = PBXFileReference; lastKnownFileType = sourcecode.c.objc; path = ChangePassView.m; sourceTree = "<group>"; };
		B01CB33A224389AE00A9F01C /* PassTextView.h */ = {isa = PBXFileReference; lastKnownFileType = sourcecode.c.h; path = PassTextView.h; sourceTree = "<group>"; };
		B01CB33B224389AE00A9F01C /* PassTextView.m */ = {isa = PBXFileReference; lastKnownFileType = sourcecode.c.objc; path = PassTextView.m; sourceTree = "<group>"; };
		B01CB33E22438C5600A9F01C /* LeaveViewController.h */ = {isa = PBXFileReference; lastKnownFileType = sourcecode.c.h; path = LeaveViewController.h; sourceTree = "<group>"; };
		B01CB33F22438C5600A9F01C /* LeaveViewController.m */ = {isa = PBXFileReference; lastKnownFileType = sourcecode.c.objc; path = LeaveViewController.m; sourceTree = "<group>"; };
		B01CB34222438C7E00A9F01C /* LeaveView.h */ = {isa = PBXFileReference; lastKnownFileType = sourcecode.c.h; path = LeaveView.h; sourceTree = "<group>"; };
		B01CB34322438C7E00A9F01C /* LeaveView.m */ = {isa = PBXFileReference; lastKnownFileType = sourcecode.c.objc; path = LeaveView.m; sourceTree = "<group>"; };
		B01CB3492243921000A9F01C /* LeaveTableViewCell.h */ = {isa = PBXFileReference; lastKnownFileType = sourcecode.c.h; path = LeaveTableViewCell.h; sourceTree = "<group>"; };
		B01CB34A2243921000A9F01C /* LeaveTableViewCell.m */ = {isa = PBXFileReference; lastKnownFileType = sourcecode.c.objc; path = LeaveTableViewCell.m; sourceTree = "<group>"; };
		B01CB34B2243921000A9F01C /* LeaveTableViewCell.xib */ = {isa = PBXFileReference; lastKnownFileType = file.xib; path = LeaveTableViewCell.xib; sourceTree = "<group>"; };
		B0474D7D223B9ED6003C6AEE /* HomeUserView.h */ = {isa = PBXFileReference; lastKnownFileType = sourcecode.c.h; path = HomeUserView.h; sourceTree = "<group>"; };
		B0474D7E223B9ED6003C6AEE /* HomeUserView.m */ = {isa = PBXFileReference; lastKnownFileType = sourcecode.c.objc; path = HomeUserView.m; sourceTree = "<group>"; };
		B0474D81223BAEED003C6AEE /* CityViewController.h */ = {isa = PBXFileReference; lastKnownFileType = sourcecode.c.h; path = CityViewController.h; sourceTree = "<group>"; };
		B0474D82223BAEED003C6AEE /* CityViewController.m */ = {isa = PBXFileReference; lastKnownFileType = sourcecode.c.objc; path = CityViewController.m; sourceTree = "<group>"; };
		DA2B1B5A223CC5CB006CC5D3 /* AddPassengerView.h */ = {isa = PBXFileReference; lastKnownFileType = sourcecode.c.h; path = AddPassengerView.h; sourceTree = "<group>"; };
		DA2B1B5B223CC5CB006CC5D3 /* AddPassengerView.m */ = {isa = PBXFileReference; lastKnownFileType = sourcecode.c.objc; path = AddPassengerView.m; sourceTree = "<group>"; };
		DA2B1B5D223D0E01006CC5D3 /* SettingView.h */ = {isa = PBXFileReference; lastKnownFileType = sourcecode.c.h; path = SettingView.h; sourceTree = "<group>"; };
		DA2B1B5E223D0E01006CC5D3 /* SettingView.m */ = {isa = PBXFileReference; lastKnownFileType = sourcecode.c.objc; path = SettingView.m; sourceTree = "<group>"; };
		DA2B1B63223D12E3006CC5D3 /* ResetPassViewController.h */ = {isa = PBXFileReference; lastKnownFileType = sourcecode.c.h; path = ResetPassViewController.h; sourceTree = "<group>"; };
		DA2B1B64223D12E3006CC5D3 /* ResetPassViewController.m */ = {isa = PBXFileReference; lastKnownFileType = sourcecode.c.objc; path = ResetPassViewController.m; sourceTree = "<group>"; };
		DA2B1B67223D591E006CC5D3 /* lawViewController.h */ = {isa = PBXFileReference; lastKnownFileType = sourcecode.c.h; path = lawViewController.h; sourceTree = "<group>"; };
		DA2B1B68223D591E006CC5D3 /* lawViewController.m */ = {isa = PBXFileReference; lastKnownFileType = sourcecode.c.objc; path = lawViewController.m; sourceTree = "<group>"; };
		DA2B1B6B223D5943006CC5D3 /* lawView.h */ = {isa = PBXFileReference; lastKnownFileType = sourcecode.c.h; path = lawView.h; sourceTree = "<group>"; };
		DA2B1B6C223D5943006CC5D3 /* lawView.m */ = {isa = PBXFileReference; lastKnownFileType = sourcecode.c.objc; path = lawView.m; sourceTree = "<group>"; };
		DA2B1B6E223E5AEF006CC5D3 /* HomeAlertView.h */ = {isa = PBXFileReference; lastKnownFileType = sourcecode.c.h; path = HomeAlertView.h; sourceTree = "<group>"; };
		DA2B1B6F223E5AEF006CC5D3 /* HomeAlertView.m */ = {isa = PBXFileReference; lastKnownFileType = sourcecode.c.objc; path = HomeAlertView.m; sourceTree = "<group>"; };
		DA2B1B71223E5CC8006CC5D3 /* HomeCarView.h */ = {isa = PBXFileReference; lastKnownFileType = sourcecode.c.h; path = HomeCarView.h; sourceTree = "<group>"; };
		DA2B1B72223E5CC8006CC5D3 /* HomeCarView.m */ = {isa = PBXFileReference; lastKnownFileType = sourcecode.c.objc; path = HomeCarView.m; sourceTree = "<group>"; };
		DA2B1B75223E6154006CC5D3 /* LWDPageControl.h */ = {isa = PBXFileReference; fileEncoding = 4; lastKnownFileType = sourcecode.c.h; path = LWDPageControl.h; sourceTree = "<group>"; };
		DA2B1B76223E6154006CC5D3 /* LWDPageControl.m */ = {isa = PBXFileReference; fileEncoding = 4; lastKnownFileType = sourcecode.c.objc; path = LWDPageControl.m; sourceTree = "<group>"; };
		DAA08EF02239406300E944FE /* driverTerrace.app */ = {isa = PBXFileReference; explicitFileType = wrapper.application; includeInIndex = 0; path = driverTerrace.app; sourceTree = BUILT_PRODUCTS_DIR; };
		DAA08EF32239406300E944FE /* AppDelegate.h */ = {isa = PBXFileReference; lastKnownFileType = sourcecode.c.h; path = AppDelegate.h; sourceTree = "<group>"; };
		DAA08EF42239406300E944FE /* AppDelegate.m */ = {isa = PBXFileReference; lastKnownFileType = sourcecode.c.objc; path = AppDelegate.m; sourceTree = "<group>"; };
		DAA08EF62239406300E944FE /* ViewController.h */ = {isa = PBXFileReference; lastKnownFileType = sourcecode.c.h; path = ViewController.h; sourceTree = "<group>"; };
		DAA08EF72239406300E944FE /* ViewController.m */ = {isa = PBXFileReference; lastKnownFileType = sourcecode.c.objc; path = ViewController.m; sourceTree = "<group>"; };
		DAA08EFA2239406300E944FE /* Base */ = {isa = PBXFileReference; lastKnownFileType = file.storyboard; name = Base; path = Base.lproj/Main.storyboard; sourceTree = "<group>"; };
		DAA08EFC2239406700E944FE /* Assets.xcassets */ = {isa = PBXFileReference; lastKnownFileType = folder.assetcatalog; path = Assets.xcassets; sourceTree = "<group>"; };
		DAA08EFF2239406700E944FE /* Base */ = {isa = PBXFileReference; lastKnownFileType = file.storyboard; name = Base; path = Base.lproj/LaunchScreen.storyboard; sourceTree = "<group>"; };
		DAA08F012239406700E944FE /* Info.plist */ = {isa = PBXFileReference; lastKnownFileType = text.plist.xml; path = Info.plist; sourceTree = "<group>"; };
		DAA08F022239406700E944FE /* main.m */ = {isa = PBXFileReference; lastKnownFileType = sourcecode.c.objc; path = main.m; sourceTree = "<group>"; };
		DAA08F082239406700E944FE /* driverTerraceTests.xctest */ = {isa = PBXFileReference; explicitFileType = wrapper.cfbundle; includeInIndex = 0; path = driverTerraceTests.xctest; sourceTree = BUILT_PRODUCTS_DIR; };
		DAA08F0C2239406700E944FE /* driverTerraceTests.m */ = {isa = PBXFileReference; lastKnownFileType = sourcecode.c.objc; path = driverTerraceTests.m; sourceTree = "<group>"; };
		DAA08F0E2239406700E944FE /* Info.plist */ = {isa = PBXFileReference; lastKnownFileType = text.plist.xml; path = Info.plist; sourceTree = "<group>"; };
		DAA08F132239406700E944FE /* driverTerraceUITests.xctest */ = {isa = PBXFileReference; explicitFileType = wrapper.cfbundle; includeInIndex = 0; path = driverTerraceUITests.xctest; sourceTree = BUILT_PRODUCTS_DIR; };
		DAA08F172239406700E944FE /* driverTerraceUITests.m */ = {isa = PBXFileReference; lastKnownFileType = sourcecode.c.objc; path = driverTerraceUITests.m; sourceTree = "<group>"; };
		DAA08F192239406700E944FE /* Info.plist */ = {isa = PBXFileReference; lastKnownFileType = text.plist.xml; path = Info.plist; sourceTree = "<group>"; };
		DAA08F5B22394A5C00E944FE /* PrefixHeader.pch */ = {isa = PBXFileReference; lastKnownFileType = sourcecode.c.h; path = PrefixHeader.pch; sourceTree = "<group>"; };
		DAA08F5C22394A6B00E944FE /* ViewSetting.h */ = {isa = PBXFileReference; lastKnownFileType = sourcecode.c.h; path = ViewSetting.h; sourceTree = "<group>"; };
		DAA08F5D22394A7B00E944FE /* UrlSetting.h */ = {isa = PBXFileReference; lastKnownFileType = sourcecode.c.h; path = UrlSetting.h; sourceTree = "<group>"; };
		DAA08F5F22394CCE00E944FE /* BaseView.m */ = {isa = PBXFileReference; fileEncoding = 4; lastKnownFileType = sourcecode.c.objc; path = BaseView.m; sourceTree = "<group>"; };
		DAA08F6022394CCE00E944FE /* BaseViewController.m */ = {isa = PBXFileReference; fileEncoding = 4; lastKnownFileType = sourcecode.c.objc; path = BaseViewController.m; sourceTree = "<group>"; };
		DAA08F6222394CCE00E944FE /* BaseNavController.h */ = {isa = PBXFileReference; fileEncoding = 4; lastKnownFileType = sourcecode.c.h; path = BaseNavController.h; sourceTree = "<group>"; };
		DAA08F6422394CCE00E944FE /* BaseTableView.m */ = {isa = PBXFileReference; fileEncoding = 4; lastKnownFileType = sourcecode.c.objc; path = BaseTableView.m; sourceTree = "<group>"; };
		DAA08F6522394CCE00E944FE /* BaseView.h */ = {isa = PBXFileReference; fileEncoding = 4; lastKnownFileType = sourcecode.c.h; path = BaseView.h; sourceTree = "<group>"; };
		DAA08F6622394CCE00E944FE /* BaseNavController.m */ = {isa = PBXFileReference; fileEncoding = 4; lastKnownFileType = sourcecode.c.objc; path = BaseNavController.m; sourceTree = "<group>"; };
		DAA08F6822394CCE00E944FE /* BaseViewController.h */ = {isa = PBXFileReference; fileEncoding = 4; lastKnownFileType = sourcecode.c.h; path = BaseViewController.h; sourceTree = "<group>"; };
		DAA08F6922394CCE00E944FE /* BaseTableView.h */ = {isa = PBXFileReference; fileEncoding = 4; lastKnownFileType = sourcecode.c.h; path = BaseTableView.h; sourceTree = "<group>"; };
		DAA08F7122394D3000E944FE /* HomeViewController.h */ = {isa = PBXFileReference; lastKnownFileType = sourcecode.c.h; path = HomeViewController.h; sourceTree = "<group>"; };
		DAA08F7222394D3000E944FE /* HomeViewController.m */ = {isa = PBXFileReference; lastKnownFileType = sourcecode.c.objc; path = HomeViewController.m; sourceTree = "<group>"; };
		DAA08F7722394FF300E944FE /* LoginView.h */ = {isa = PBXFileReference; lastKnownFileType = sourcecode.c.h; path = LoginView.h; sourceTree = "<group>"; };
		DAA08F7822394FF300E944FE /* LoginView.m */ = {isa = PBXFileReference; lastKnownFileType = sourcecode.c.objc; path = LoginView.m; sourceTree = "<group>"; };
		DAA08F7A2239508000E944FE /* LoginViewController.h */ = {isa = PBXFileReference; lastKnownFileType = sourcecode.c.h; path = LoginViewController.h; sourceTree = "<group>"; };
		DAA08F7B2239508000E944FE /* LoginViewController.m */ = {isa = PBXFileReference; lastKnownFileType = sourcecode.c.objc; path = LoginViewController.m; sourceTree = "<group>"; };
		DAA08F7E2239513A00E944FE /* LoginTextView.h */ = {isa = PBXFileReference; lastKnownFileType = sourcecode.c.h; path = LoginTextView.h; sourceTree = "<group>"; };
		DAA08F7F2239513A00E944FE /* LoginTextView.m */ = {isa = PBXFileReference; lastKnownFileType = sourcecode.c.objc; path = LoginTextView.m; sourceTree = "<group>"; };
		DAA08F81223A945200E944FE /* HomeTopView.h */ = {isa = PBXFileReference; lastKnownFileType = sourcecode.c.h; path = HomeTopView.h; sourceTree = "<group>"; };
		DAA08F82223A945200E944FE /* HomeTopView.m */ = {isa = PBXFileReference; lastKnownFileType = sourcecode.c.objc; path = HomeTopView.m; sourceTree = "<group>"; };
		DAA08F84223A946800E944FE /* HomePeopleView.h */ = {isa = PBXFileReference; lastKnownFileType = sourcecode.c.h; path = HomePeopleView.h; sourceTree = "<group>"; };
		DAA08F85223A946800E944FE /* HomePeopleView.m */ = {isa = PBXFileReference; lastKnownFileType = sourcecode.c.objc; path = HomePeopleView.m; sourceTree = "<group>"; };
		DAA08F87223AB7AC00E944FE /* RouteViewController.h */ = {isa = PBXFileReference; lastKnownFileType = sourcecode.c.h; path = RouteViewController.h; sourceTree = "<group>"; };
		DAA08F88223AB7AC00E944FE /* RouteViewController.m */ = {isa = PBXFileReference; lastKnownFileType = sourcecode.c.objc; path = RouteViewController.m; sourceTree = "<group>"; };
		DAA08F8A223AB7BB00E944FE /* RouteDetailViewController.h */ = {isa = PBXFileReference; lastKnownFileType = sourcecode.c.h; path = RouteDetailViewController.h; sourceTree = "<group>"; };
		DAA08F8B223AB7BB00E944FE /* RouteDetailViewController.m */ = {isa = PBXFileReference; lastKnownFileType = sourcecode.c.objc; path = RouteDetailViewController.m; sourceTree = "<group>"; };
		DAA08F8D223AB7D000E944FE /* RouteView.h */ = {isa = PBXFileReference; lastKnownFileType = sourcecode.c.h; path = RouteView.h; sourceTree = "<group>"; };
		DAA08F8E223AB7D000E944FE /* RouteView.m */ = {isa = PBXFileReference; lastKnownFileType = sourcecode.c.objc; path = RouteView.m; sourceTree = "<group>"; };
		DAA08F91223AB8BF00E944FE /* RouteViewTableViewCell.h */ = {isa = PBXFileReference; lastKnownFileType = sourcecode.c.h; path = RouteViewTableViewCell.h; sourceTree = "<group>"; };
		DAA08F92223AB8BF00E944FE /* RouteViewTableViewCell.m */ = {isa = PBXFileReference; lastKnownFileType = sourcecode.c.objc; path = RouteViewTableViewCell.m; sourceTree = "<group>"; };
		DAA08F94223AC07400E944FE /* RouteDetailView.h */ = {isa = PBXFileReference; lastKnownFileType = sourcecode.c.h; path = RouteDetailView.h; sourceTree = "<group>"; };
		DAA08F95223AC07400E944FE /* RouteDetailView.m */ = {isa = PBXFileReference; lastKnownFileType = sourcecode.c.objc; path = RouteDetailView.m; sourceTree = "<group>"; };
		DAA08F98223AC09D00E944FE /* RouteDetailTableViewCell.h */ = {isa = PBXFileReference; lastKnownFileType = sourcecode.c.h; path = RouteDetailTableViewCell.h; sourceTree = "<group>"; };
		DAA08F99223AC09D00E944FE /* RouteDetailTableViewCell.m */ = {isa = PBXFileReference; lastKnownFileType = sourcecode.c.objc; path = RouteDetailTableViewCell.m; sourceTree = "<group>"; };
		DAA08F9E223ACA3100E944FE /* RouteDetailTopTableViewCell.h */ = {isa = PBXFileReference; lastKnownFileType = sourcecode.c.h; path = RouteDetailTopTableViewCell.h; sourceTree = "<group>"; };
		DAA08F9F223ACA3100E944FE /* RouteDetailTopTableViewCell.m */ = {isa = PBXFileReference; lastKnownFileType = sourcecode.c.objc; path = RouteDetailTopTableViewCell.m; sourceTree = "<group>"; };
		DAA08FA0223ACA3100E944FE /* RouteDetailTopTableViewCell.xib */ = {isa = PBXFileReference; lastKnownFileType = file.xib; path = RouteDetailTopTableViewCell.xib; sourceTree = "<group>"; };
		DAA08FA3223BFAA000E944FE /* MyViewController.h */ = {isa = PBXFileReference; lastKnownFileType = sourcecode.c.h; path = MyViewController.h; sourceTree = "<group>"; };
		DAA08FA4223BFAA000E944FE /* MyViewController.m */ = {isa = PBXFileReference; lastKnownFileType = sourcecode.c.objc; path = MyViewController.m; sourceTree = "<group>"; };
		DAA08FA6223BFB3200E944FE /* SettingViewController.h */ = {isa = PBXFileReference; lastKnownFileType = sourcecode.c.h; path = SettingViewController.h; sourceTree = "<group>"; };
		DAA08FA7223BFB3200E944FE /* SettingViewController.m */ = {isa = PBXFileReference; lastKnownFileType = sourcecode.c.objc; path = SettingViewController.m; sourceTree = "<group>"; };
		DAA08FA9223BFDA500E944FE /* MyHeaderTableViewCell.h */ = {isa = PBXFileReference; lastKnownFileType = sourcecode.c.h; path = MyHeaderTableViewCell.h; sourceTree = "<group>"; };
		DAA08FAA223BFDA500E944FE /* MyHeaderTableViewCell.m */ = {isa = PBXFileReference; lastKnownFileType = sourcecode.c.objc; path = MyHeaderTableViewCell.m; sourceTree = "<group>"; };
		DAA08FAC223C03E400E944FE /* MyTextFieldTableViewCell.h */ = {isa = PBXFileReference; lastKnownFileType = sourcecode.c.h; path = MyTextFieldTableViewCell.h; sourceTree = "<group>"; };
		DAA08FAD223C03E400E944FE /* MyTextFieldTableViewCell.m */ = {isa = PBXFileReference; lastKnownFileType = sourcecode.c.objc; path = MyTextFieldTableViewCell.m; sourceTree = "<group>"; };
		DAA08FB1223C13D400E944FE /* JhlvShowAlertController.h */ = {isa = PBXFileReference; fileEncoding = 4; lastKnownFileType = sourcecode.c.h; path = JhlvShowAlertController.h; sourceTree = "<group>"; };
		DAA08FB2223C13D400E944FE /* CustomView.h */ = {isa = PBXFileReference; fileEncoding = 4; lastKnownFileType = sourcecode.c.h; path = CustomView.h; sourceTree = "<group>"; };
		DAA08FB3223C13D400E944FE /* JhlvShowAlertController.m */ = {isa = PBXFileReference; fileEncoding = 4; lastKnownFileType = sourcecode.c.objc; path = JhlvShowAlertController.m; sourceTree = "<group>"; };
		DAA08FB4223C13D400E944FE /* CustomView.m */ = {isa = PBXFileReference; fileEncoding = 4; lastKnownFileType = sourcecode.c.objc; path = CustomView.m; sourceTree = "<group>"; };
		DAA08FB8223C1A7A00E944FE /* LZPickerView.h */ = {isa = PBXFileReference; fileEncoding = 4; lastKnownFileType = sourcecode.c.h; path = LZPickerView.h; sourceTree = "<group>"; };
		DAA08FB9223C1A7A00E944FE /* LZPickerView.xib */ = {isa = PBXFileReference; fileEncoding = 4; lastKnownFileType = file.xib; path = LZPickerView.xib; sourceTree = "<group>"; };
		DAA08FBA223C1A7B00E944FE /* LZPickerView.m */ = {isa = PBXFileReference; fileEncoding = 4; lastKnownFileType = sourcecode.c.objc; path = LZPickerView.m; sourceTree = "<group>"; };
		DAA08FBD223C1C0D00E944FE /* AddPassengerViewController.h */ = {isa = PBXFileReference; lastKnownFileType = sourcecode.c.h; path = AddPassengerViewController.h; sourceTree = "<group>"; };
		DAA08FBE223C1C0D00E944FE /* AddPassengerViewController.m */ = {isa = PBXFileReference; lastKnownFileType = sourcecode.c.objc; path = AddPassengerViewController.m; sourceTree = "<group>"; };
		DAA08FC0223C1D6300E944FE /* AddSelectedTableViewCell.h */ = {isa = PBXFileReference; lastKnownFileType = sourcecode.c.h; path = AddSelectedTableViewCell.h; sourceTree = "<group>"; };
		DAA08FC1223C1D6300E944FE /* AddSelectedTableViewCell.m */ = {isa = PBXFileReference; lastKnownFileType = sourcecode.c.objc; path = AddSelectedTableViewCell.m; sourceTree = "<group>"; };
		DAA08FC3223C82E800E944FE /* RegisterViewController.h */ = {isa = PBXFileReference; lastKnownFileType = sourcecode.c.h; path = RegisterViewController.h; sourceTree = "<group>"; };
		DAA08FC4223C82E800E944FE /* RegisterViewController.m */ = {isa = PBXFileReference; lastKnownFileType = sourcecode.c.objc; path = RegisterViewController.m; sourceTree = "<group>"; };
		DAA08FC7223CC20000E944FE /* MyView.h */ = {isa = PBXFileReference; lastKnownFileType = sourcecode.c.h; path = MyView.h; sourceTree = "<group>"; };
		DAA08FC8223CC20000E944FE /* MyView.m */ = {isa = PBXFileReference; lastKnownFileType = sourcecode.c.objc; path = MyView.m; sourceTree = "<group>"; };
		DAC779E1223FC221002B6C0E /* AllRequest.h */ = {isa = PBXFileReference; lastKnownFileType = sourcecode.c.h; path = AllRequest.h; sourceTree = "<group>"; };
		DAC779E2223FC221002B6C0E /* AllRequest.m */ = {isa = PBXFileReference; lastKnownFileType = sourcecode.c.objc; path = AllRequest.m; sourceTree = "<group>"; };
		DAC779E5223FC237002B6C0E /* JsonDeal.m */ = {isa = PBXFileReference; fileEncoding = 4; lastKnownFileType = sourcecode.c.objc; path = JsonDeal.m; sourceTree = "<group>"; };
		DAC779E6223FC237002B6C0E /* JsonDeal.h */ = {isa = PBXFileReference; fileEncoding = 4; lastKnownFileType = sourcecode.c.h; path = JsonDeal.h; sourceTree = "<group>"; };
		DAC779E9223FC261002B6C0E /* HttpHelper.m */ = {isa = PBXFileReference; fileEncoding = 4; lastKnownFileType = sourcecode.c.objc; path = HttpHelper.m; sourceTree = "<group>"; };
		DAC779EA223FC261002B6C0E /* HttpHelpBase.h */ = {isa = PBXFileReference; fileEncoding = 4; lastKnownFileType = sourcecode.c.h; path = HttpHelpBase.h; sourceTree = "<group>"; };
		DAC779EB223FC261002B6C0E /* HttpHelper.h */ = {isa = PBXFileReference; fileEncoding = 4; lastKnownFileType = sourcecode.c.h; path = HttpHelper.h; sourceTree = "<group>"; };
		DAC779EC223FC261002B6C0E /* HttpHelpBase.m */ = {isa = PBXFileReference; fileEncoding = 4; lastKnownFileType = sourcecode.c.objc; path = HttpHelpBase.m; sourceTree = "<group>"; };
		DAC779EE223FC261002B6C0E /* NHFDownImages.m */ = {isa = PBXFileReference; fileEncoding = 4; lastKnownFileType = sourcecode.c.objc; path = NHFDownImages.m; sourceTree = "<group>"; };
		DAC779EF223FC261002B6C0E /* NHFUpLoadImages.h */ = {isa = PBXFileReference; fileEncoding = 4; lastKnownFileType = sourcecode.c.h; path = NHFUpLoadImages.h; sourceTree = "<group>"; };
		DAC779F0223FC261002B6C0E /* NHFDownImages.h */ = {isa = PBXFileReference; fileEncoding = 4; lastKnownFileType = sourcecode.c.h; path = NHFDownImages.h; sourceTree = "<group>"; };
		DAC779F1223FC261002B6C0E /* NHFUpLoadImages.m */ = {isa = PBXFileReference; fileEncoding = 4; lastKnownFileType = sourcecode.c.objc; path = NHFUpLoadImages.m; sourceTree = "<group>"; };
		DAC779F6223FD756002B6C0E /* SNDefines.h */ = {isa = PBXFileReference; fileEncoding = 4; lastKnownFileType = sourcecode.c.h; path = SNDefines.h; sourceTree = "<group>"; };
		DAC779FA223FE48B002B6C0E /* UserInfoModel.h */ = {isa = PBXFileReference; lastKnownFileType = sourcecode.c.h; path = UserInfoModel.h; sourceTree = "<group>"; };
		DAC779FB223FE48B002B6C0E /* UserInfoModel.m */ = {isa = PBXFileReference; lastKnownFileType = sourcecode.c.objc; path = UserInfoModel.m; sourceTree = "<group>"; };
		DAC779FD223FF3C2002B6C0E /* OrderModel.h */ = {isa = PBXFileReference; lastKnownFileType = sourcecode.c.h; path = OrderModel.h; sourceTree = "<group>"; };
		DAC779FE223FF3C2002B6C0E /* OrderModel.m */ = {isa = PBXFileReference; lastKnownFileType = sourcecode.c.objc; path = OrderModel.m; sourceTree = "<group>"; };
		DAC77A002240077C002B6C0E /* RegisterView.h */ = {isa = PBXFileReference; lastKnownFileType = sourcecode.c.h; path = RegisterView.h; sourceTree = "<group>"; };
		DAC77A012240077C002B6C0E /* RegisterView.m */ = {isa = PBXFileReference; lastKnownFileType = sourcecode.c.objc; path = RegisterView.m; sourceTree = "<group>"; };
		DAC77A0422413FAA002B6C0E /* ACActionSheet.h */ = {isa = PBXFileReference; fileEncoding = 4; lastKnownFileType = sourcecode.c.h; path = ACActionSheet.h; sourceTree = "<group>"; };
		DAC77A0522413FAA002B6C0E /* ACActionSheet.bundle */ = {isa = PBXFileReference; lastKnownFileType = "wrapper.plug-in"; path = ACActionSheet.bundle; sourceTree = "<group>"; };
		DAC77A0622413FAA002B6C0E /* ACActionSheet.m */ = {isa = PBXFileReference; fileEncoding = 4; lastKnownFileType = sourcecode.c.objc; path = ACActionSheet.m; sourceTree = "<group>"; };
		DAC77A0B2242838F002B6C0E /* MyWalletViewController.h */ = {isa = PBXFileReference; lastKnownFileType = sourcecode.c.h; path = MyWalletViewController.h; sourceTree = "<group>"; };
		DAC77A0C2242838F002B6C0E /* MyWalletViewController.m */ = {isa = PBXFileReference; lastKnownFileType = sourcecode.c.objc; path = MyWalletViewController.m; sourceTree = "<group>"; };
		DAC77A1222428C87002B6C0E /* MyWalletView.h */ = {isa = PBXFileReference; lastKnownFileType = sourcecode.c.h; path = MyWalletView.h; sourceTree = "<group>"; };
		DAC77A1322428C87002B6C0E /* MyWalletView.m */ = {isa = PBXFileReference; lastKnownFileType = sourcecode.c.objc; path = MyWalletView.m; sourceTree = "<group>"; };
		DAC77A1522428EAF002B6C0E /* MyWalletViewTableViewCell.h */ = {isa = PBXFileReference; lastKnownFileType = sourcecode.c.h; path = MyWalletViewTableViewCell.h; sourceTree = "<group>"; };
		DAC77A1622428EAF002B6C0E /* MyWalletViewTableViewCell.m */ = {isa = PBXFileReference; lastKnownFileType = sourcecode.c.objc; path = MyWalletViewTableViewCell.m; sourceTree = "<group>"; };
		DAC77A1722428EAF002B6C0E /* MyWalletViewTableViewCell.xib */ = {isa = PBXFileReference; lastKnownFileType = file.xib; path = MyWalletViewTableViewCell.xib; sourceTree = "<group>"; };
		DAC77A232242A618002B6C0E /* dropdownFlag@3x.png */ = {isa = PBXFileReference; lastKnownFileType = image.png; path = "dropdownFlag@3x.png"; sourceTree = "<group>"; };
		DAC77A242242A618002B6C0E /* dropdownFlag@2x.png */ = {isa = PBXFileReference; lastKnownFileType = image.png; path = "dropdownFlag@2x.png"; sourceTree = "<group>"; };
		DAC77A252242A618002B6C0E /* EBDropdownListView.m */ = {isa = PBXFileReference; fileEncoding = 4; lastKnownFileType = sourcecode.c.objc; path = EBDropdownListView.m; sourceTree = "<group>"; };
		DAC77A262242A618002B6C0E /* EBDropdownListView.h */ = {isa = PBXFileReference; fileEncoding = 4; lastKnownFileType = sourcecode.c.h; path = EBDropdownListView.h; sourceTree = "<group>"; };
		DAC77A2B2242ADE8002B6C0E /* NSDate+JKZeroDate.h */ = {isa = PBXFileReference; fileEncoding = 4; lastKnownFileType = sourcecode.c.h; path = "NSDate+JKZeroDate.h"; sourceTree = "<group>"; };
		DAC77A2C2242ADE8002B6C0E /* NSDate+JKReporting.h */ = {isa = PBXFileReference; fileEncoding = 4; lastKnownFileType = sourcecode.c.h; path = "NSDate+JKReporting.h"; sourceTree = "<group>"; };
		DAC77A2D2242ADE8002B6C0E /* NSDate+JKUtilities.h */ = {isa = PBXFileReference; fileEncoding = 4; lastKnownFileType = sourcecode.c.h; path = "NSDate+JKUtilities.h"; sourceTree = "<group>"; };
		DAC77A2E2242ADE8002B6C0E /* NSDate+JKFormatter.h */ = {isa = PBXFileReference; fileEncoding = 4; lastKnownFileType = sourcecode.c.h; path = "NSDate+JKFormatter.h"; sourceTree = "<group>"; };
		DAC77A2F2242ADE8002B6C0E /* NSDate+JKLunarCalendar.m */ = {isa = PBXFileReference; fileEncoding = 4; lastKnownFileType = sourcecode.c.objc; path = "NSDate+JKLunarCalendar.m"; sourceTree = "<group>"; };
		DAC77A302242ADE8002B6C0E /* NSDate+JKCupertinoYankee.h */ = {isa = PBXFileReference; fileEncoding = 4; lastKnownFileType = sourcecode.c.h; path = "NSDate+JKCupertinoYankee.h"; sourceTree = "<group>"; };
		DAC77A312242ADE8002B6C0E /* NSDate+JKExtension.m */ = {isa = PBXFileReference; fileEncoding = 4; lastKnownFileType = sourcecode.c.objc; path = "NSDate+JKExtension.m"; sourceTree = "<group>"; };
		DAC77A322242ADE8002B6C0E /* NSDate+JKInternetDateTime.m */ = {isa = PBXFileReference; fileEncoding = 4; lastKnownFileType = sourcecode.c.objc; path = "NSDate+JKInternetDateTime.m"; sourceTree = "<group>"; };
		DAC77A332242ADE8002B6C0E /* NSDate+JKFormatter.m */ = {isa = PBXFileReference; fileEncoding = 4; lastKnownFileType = sourcecode.c.objc; path = "NSDate+JKFormatter.m"; sourceTree = "<group>"; };
		DAC77A342242ADE8002B6C0E /* NSDate+JKUtilities.m */ = {isa = PBXFileReference; fileEncoding = 4; lastKnownFileType = sourcecode.c.objc; path = "NSDate+JKUtilities.m"; sourceTree = "<group>"; };
		DAC77A352242ADE8002B6C0E /* NSDate+JKReporting.m */ = {isa = PBXFileReference; fileEncoding = 4; lastKnownFileType = sourcecode.c.objc; path = "NSDate+JKReporting.m"; sourceTree = "<group>"; };
		DAC77A362242ADE8002B6C0E /* NSDate+JKZeroDate.m */ = {isa = PBXFileReference; fileEncoding = 4; lastKnownFileType = sourcecode.c.objc; path = "NSDate+JKZeroDate.m"; sourceTree = "<group>"; };
		DAC77A372242ADE8002B6C0E /* NSDate+JKLunarCalendar.h */ = {isa = PBXFileReference; fileEncoding = 4; lastKnownFileType = sourcecode.c.h; path = "NSDate+JKLunarCalendar.h"; sourceTree = "<group>"; };
		DAC77A382242ADE8002B6C0E /* NSDate+JKInternetDateTime.h */ = {isa = PBXFileReference; fileEncoding = 4; lastKnownFileType = sourcecode.c.h; path = "NSDate+JKInternetDateTime.h"; sourceTree = "<group>"; };
		DAC77A392242ADE8002B6C0E /* NSDate+JKExtension.h */ = {isa = PBXFileReference; fileEncoding = 4; lastKnownFileType = sourcecode.c.h; path = "NSDate+JKExtension.h"; sourceTree = "<group>"; };
		DAC77A3A2242ADE8002B6C0E /* NSDate+JKCupertinoYankee.m */ = {isa = PBXFileReference; fileEncoding = 4; lastKnownFileType = sourcecode.c.objc; path = "NSDate+JKCupertinoYankee.m"; sourceTree = "<group>"; };
		DAC77A442243CF87002B6C0E /* RouteDetailModel.h */ = {isa = PBXFileReference; lastKnownFileType = sourcecode.c.h; path = RouteDetailModel.h; sourceTree = "<group>"; };
		DAC77A452243CF87002B6C0E /* RouteDetailModel.m */ = {isa = PBXFileReference; lastKnownFileType = sourcecode.c.objc; path = RouteDetailModel.m; sourceTree = "<group>"; };
		DAC77A492243D6B4002B6C0E /* OrderStatusTool.h */ = {isa = PBXFileReference; lastKnownFileType = sourcecode.c.h; path = OrderStatusTool.h; sourceTree = "<group>"; };
		DAC77A4A2243D6B4002B6C0E /* OrderStatusTool.m */ = {isa = PBXFileReference; lastKnownFileType = sourcecode.c.objc; path = OrderStatusTool.m; sourceTree = "<group>"; };
/* End PBXFileReference section */

/* Begin PBXFrameworksBuildPhase section */
		DAA08EED2239406300E944FE /* Frameworks */ = {
			isa = PBXFrameworksBuildPhase;
			buildActionMask = 2147483647;
			files = (
				28751140572E12D2109013FA /* libPods-driverTerrace.a in Frameworks */,
			);
			runOnlyForDeploymentPostprocessing = 0;
		};
		DAA08F052239406700E944FE /* Frameworks */ = {
			isa = PBXFrameworksBuildPhase;
			buildActionMask = 2147483647;
			files = (
			);
			runOnlyForDeploymentPostprocessing = 0;
		};
		DAA08F102239406700E944FE /* Frameworks */ = {
			isa = PBXFrameworksBuildPhase;
			buildActionMask = 2147483647;
			files = (
			);
			runOnlyForDeploymentPostprocessing = 0;
		};
/* End PBXFrameworksBuildPhase section */

/* Begin PBXGroup section */
		24031B969DB148C06D9A1BA8 /* Frameworks */ = {
			isa = PBXGroup;
			children = (
				22FD2875E51B8A57DE8B8148 /* libPods-driverTerrace.a */,
			);
			name = Frameworks;
			sourceTree = "<group>";
		};
		B01CB32A2242480C00A9F01C /* Model */ = {
			isa = PBXGroup;
			children = (
				B01CB32B2242482200A9F01C /* RouteListModel.h */,
				B01CB32C2242482200A9F01C /* RouteListModel.m */,
			);
			path = Model;
			sourceTree = "<group>";
		};
		B01CB32E224376B500A9F01C /* Model */ = {
			isa = PBXGroup;
			children = (
				B01CB32F224376CA00A9F01C /* MyInfoModel.h */,
				B01CB330224376CA00A9F01C /* MyInfoModel.m */,
			);
			path = Model;
			sourceTree = "<group>";
		};
		B01CB332224381CA00A9F01C /* ChangePassViewController */ = {
			isa = PBXGroup;
			children = (
				B01CB3362243822D00A9F01C /* View */,
				B01CB3332243822600A9F01C /* ChangePassViewController.h */,
				B01CB3342243822600A9F01C /* ChangePassViewController.m */,
			);
			path = ChangePassViewController;
			sourceTree = "<group>";
		};
		B01CB3362243822D00A9F01C /* View */ = {
			isa = PBXGroup;
			children = (
				B01CB3372243825A00A9F01C /* ChangePassView.h */,
				B01CB3382243825A00A9F01C /* ChangePassView.m */,
				B01CB33A224389AE00A9F01C /* PassTextView.h */,
				B01CB33B224389AE00A9F01C /* PassTextView.m */,
			);
			path = View;
			sourceTree = "<group>";
		};
		B01CB33D22438C0E00A9F01C /* LeaveViewController */ = {
			isa = PBXGroup;
			children = (
				B01CB34122438C6300A9F01C /* View */,
				B01CB33E22438C5600A9F01C /* LeaveViewController.h */,
				B01CB33F22438C5600A9F01C /* LeaveViewController.m */,
			);
			path = LeaveViewController;
			sourceTree = "<group>";
		};
		B01CB34122438C6300A9F01C /* View */ = {
			isa = PBXGroup;
			children = (
				B01CB34222438C7E00A9F01C /* LeaveView.h */,
				B01CB34322438C7E00A9F01C /* LeaveView.m */,
				B01CB3492243921000A9F01C /* LeaveTableViewCell.h */,
				B01CB34A2243921000A9F01C /* LeaveTableViewCell.m */,
				B01CB34B2243921000A9F01C /* LeaveTableViewCell.xib */,
			);
			path = View;
			sourceTree = "<group>";
		};
		B0474D80223BAED2003C6AEE /* CityViewController -- 城市 */ = {
			isa = PBXGroup;
			children = (
				B0474D81223BAEED003C6AEE /* CityViewController.h */,
				B0474D82223BAEED003C6AEE /* CityViewController.m */,
			);
			path = "CityViewController -- 城市";
			sourceTree = "<group>";
		};
		C159C779D83309567C2063DF /* Pods */ = {
			isa = PBXGroup;
			children = (
				34A57B9EC30AD0E5F955AF52 /* Pods-driverTerrace.debug.xcconfig */,
				2C7B1639EF61C1F0557DEDA1 /* Pods-driverTerrace.release.xcconfig */,
			);
			name = Pods;
			sourceTree = "<group>";
		};
		DA2B1B59223CC5BE006CC5D3 /* AddPassengerView */ = {
			isa = PBXGroup;
			children = (
				DA2B1B5A223CC5CB006CC5D3 /* AddPassengerView.h */,
				DA2B1B5B223CC5CB006CC5D3 /* AddPassengerView.m */,
			);
			path = AddPassengerView;
			sourceTree = "<group>";
		};
		DA2B1B66223D58D9006CC5D3 /* lawViewController */ = {
			isa = PBXGroup;
			children = (
				DA2B1B6A223D5926006CC5D3 /* View */,
				DA2B1B67223D591E006CC5D3 /* lawViewController.h */,
				DA2B1B68223D591E006CC5D3 /* lawViewController.m */,
			);
			path = lawViewController;
			sourceTree = "<group>";
		};
		DA2B1B6A223D5926006CC5D3 /* View */ = {
			isa = PBXGroup;
			children = (
				DA2B1B6B223D5943006CC5D3 /* lawView.h */,
				DA2B1B6C223D5943006CC5D3 /* lawView.m */,
			);
			path = View;
			sourceTree = "<group>";
		};
		DA2B1B74223E6154006CC5D3 /* PageControl */ = {
			isa = PBXGroup;
			children = (
				DA2B1B75223E6154006CC5D3 /* LWDPageControl.h */,
				DA2B1B76223E6154006CC5D3 /* LWDPageControl.m */,
			);
			path = PageControl;
			sourceTree = "<group>";
		};
		DAA08EE72239406300E944FE = {
			isa = PBXGroup;
			children = (
				DAA08EF22239406300E944FE /* driverTerrace */,
				DAA08F0B2239406700E944FE /* driverTerraceTests */,
				DAA08F162239406700E944FE /* driverTerraceUITests */,
				DAA08EF12239406300E944FE /* Products */,
				C159C779D83309567C2063DF /* Pods */,
				24031B969DB148C06D9A1BA8 /* Frameworks */,
			);
			sourceTree = "<group>";
		};
		DAA08EF12239406300E944FE /* Products */ = {
			isa = PBXGroup;
			children = (
				DAA08EF02239406300E944FE /* driverTerrace.app */,
				DAA08F082239406700E944FE /* driverTerraceTests.xctest */,
				DAA08F132239406700E944FE /* driverTerraceUITests.xctest */,
			);
			name = Products;
			sourceTree = "<group>";
		};
		DAA08EF22239406300E944FE /* driverTerrace */ = {
			isa = PBXGroup;
			children = (
				DAC779E0223FC207002B6C0E /* AllRequest */,
				DAA08FAF223C12E700E944FE /* Category */,
				DAA08F5E22394CCE00E944FE /* Base */,
				DAA08F5A22394A2700E944FE /* Setting */,
				DAA08F4B223949F500E944FE /* LoginViewController -- 登录 */,
				DAA08F3C223949F500E944FE /* RegisterViewController -- 注册 */,
				DAA08F32223949F400E944FE /* ResetPassViewController -- 修改密码 */,
				DAA08F55223949F500E944FE /* MyViewController -- 我的资料 */,
				DAA08F46223949F500E944FE /* AddPassengerViewController --添加乘客 */,
				DAC77A092242834C002B6C0E /* MyWalletViewController -- 我的钱包 */,
				B0474D80223BAED2003C6AEE /* CityViewController -- 城市 */,
				B01CB33D22438C0E00A9F01C /* LeaveViewController */,
				DAA08F37223949F500E944FE /* RouteDetailViewController --行程详情 */,
				DAA08F2D223949F400E944FE /* RouteViewController --行程 */,
				DAA08F41223949F500E944FE /* SettingViewController -- 设置 */,
				DAA08F27223942FD00E944FE /* HomeViewController -- 首页 */,
				DAA08EF32239406300E944FE /* AppDelegate.h */,
				DAA08EF42239406300E944FE /* AppDelegate.m */,
				DAA08EF62239406300E944FE /* ViewController.h */,
				DAA08EF72239406300E944FE /* ViewController.m */,
				DAA08EF92239406300E944FE /* Main.storyboard */,
				DAA08EFC2239406700E944FE /* Assets.xcassets */,
				DAA08EFE2239406700E944FE /* LaunchScreen.storyboard */,
				DAA08F012239406700E944FE /* Info.plist */,
				DAA08F022239406700E944FE /* main.m */,
			);
			path = driverTerrace;
			sourceTree = "<group>";
		};
		DAA08F0B2239406700E944FE /* driverTerraceTests */ = {
			isa = PBXGroup;
			children = (
				DAA08F0C2239406700E944FE /* driverTerraceTests.m */,
				DAA08F0E2239406700E944FE /* Info.plist */,
			);
			path = driverTerraceTests;
			sourceTree = "<group>";
		};
		DAA08F162239406700E944FE /* driverTerraceUITests */ = {
			isa = PBXGroup;
			children = (
				DAA08F172239406700E944FE /* driverTerraceUITests.m */,
				DAA08F192239406700E944FE /* Info.plist */,
			);
			path = driverTerraceUITests;
			sourceTree = "<group>";
		};
		DAA08F27223942FD00E944FE /* HomeViewController -- 首页 */ = {
			isa = PBXGroup;
			children = (
				DAA08F2C223944E900E944FE /* Model */,
				DAA08F292239430E00E944FE /* View */,
				DAA08F7122394D3000E944FE /* HomeViewController.h */,
				DAA08F7222394D3000E944FE /* HomeViewController.m */,
			);
			path = "HomeViewController -- 首页";
			sourceTree = "<group>";
		};
		DAA08F292239430E00E944FE /* View */ = {
			isa = PBXGroup;
			children = (
				DA2B1B74223E6154006CC5D3 /* PageControl */,
				DAA08F81223A945200E944FE /* HomeTopView.h */,
				DAA08F82223A945200E944FE /* HomeTopView.m */,
				DAA08F84223A946800E944FE /* HomePeopleView.h */,
				DAA08F85223A946800E944FE /* HomePeopleView.m */,
				B0474D7D223B9ED6003C6AEE /* HomeUserView.h */,
				B0474D7E223B9ED6003C6AEE /* HomeUserView.m */,
				DA2B1B6E223E5AEF006CC5D3 /* HomeAlertView.h */,
				DA2B1B6F223E5AEF006CC5D3 /* HomeAlertView.m */,
				DA2B1B71223E5CC8006CC5D3 /* HomeCarView.h */,
				DA2B1B72223E5CC8006CC5D3 /* HomeCarView.m */,
			);
			path = View;
			sourceTree = "<group>";
		};
		DAA08F2C223944E900E944FE /* Model */ = {
			isa = PBXGroup;
			children = (
				DAC779FD223FF3C2002B6C0E /* OrderModel.h */,
				DAC779FE223FF3C2002B6C0E /* OrderModel.m */,
			);
			path = Model;
			sourceTree = "<group>";
		};
		DAA08F2D223949F400E944FE /* RouteViewController --行程 */ = {
			isa = PBXGroup;
			children = (
				B01CB32A2242480C00A9F01C /* Model */,
				DAA08F30223949F400E944FE /* View */,
				DAA08F87223AB7AC00E944FE /* RouteViewController.h */,
				DAA08F88223AB7AC00E944FE /* RouteViewController.m */,
			);
			path = "RouteViewController --行程";
			sourceTree = "<group>";
		};
		DAA08F30223949F400E944FE /* View */ = {
			isa = PBXGroup;
			children = (
				DAA08F90223AB8A200E944FE /* cells */,
				DAA08F8D223AB7D000E944FE /* RouteView.h */,
				DAA08F8E223AB7D000E944FE /* RouteView.m */,
			);
			path = View;
			sourceTree = "<group>";
		};
		DAA08F32223949F400E944FE /* ResetPassViewController -- 修改密码 */ = {
			isa = PBXGroup;
			children = (
				DA2B1B63223D12E3006CC5D3 /* ResetPassViewController.h */,
				DA2B1B64223D12E3006CC5D3 /* ResetPassViewController.m */,
			);
			path = "ResetPassViewController -- 修改密码";
			sourceTree = "<group>";
		};
		DAA08F37223949F500E944FE /* RouteDetailViewController --行程详情 */ = {
			isa = PBXGroup;
			children = (
				DAC77A432243CF72002B6C0E /* Model */,
				DAA08F3A223949F500E944FE /* View */,
				DAA08F8A223AB7BB00E944FE /* RouteDetailViewController.h */,
				DAA08F8B223AB7BB00E944FE /* RouteDetailViewController.m */,
			);
			path = "RouteDetailViewController --行程详情";
			sourceTree = "<group>";
		};
		DAA08F3A223949F500E944FE /* View */ = {
			isa = PBXGroup;
			children = (
				DAA08F97223AC07D00E944FE /* Cell */,
				DAA08F94223AC07400E944FE /* RouteDetailView.h */,
				DAA08F95223AC07400E944FE /* RouteDetailView.m */,
			);
			path = View;
			sourceTree = "<group>";
		};
		DAA08F3C223949F500E944FE /* RegisterViewController -- 注册 */ = {
			isa = PBXGroup;
			children = (
				DAA08F3F223949F500E944FE /* View */,
				DAA08FC3223C82E800E944FE /* RegisterViewController.h */,
				DAA08FC4223C82E800E944FE /* RegisterViewController.m */,
			);
			path = "RegisterViewController -- 注册";
			sourceTree = "<group>";
		};
		DAA08F3F223949F500E944FE /* View */ = {
			isa = PBXGroup;
			children = (
				DAC77A002240077C002B6C0E /* RegisterView.h */,
				DAC77A012240077C002B6C0E /* RegisterView.m */,
			);
			path = View;
			sourceTree = "<group>";
		};
		DAA08F41223949F500E944FE /* SettingViewController -- 设置 */ = {
			isa = PBXGroup;
			children = (
				B01CB332224381CA00A9F01C /* ChangePassViewController */,
				DA2B1B66223D58D9006CC5D3 /* lawViewController */,
				DAA08F44223949F500E944FE /* View */,
				DAA08FA6223BFB3200E944FE /* SettingViewController.h */,
				DAA08FA7223BFB3200E944FE /* SettingViewController.m */,
			);
			path = "SettingViewController -- 设置";
			sourceTree = "<group>";
		};
		DAA08F44223949F500E944FE /* View */ = {
			isa = PBXGroup;
			children = (
				DA2B1B5D223D0E01006CC5D3 /* SettingView.h */,
				DA2B1B5E223D0E01006CC5D3 /* SettingView.m */,
			);
			path = View;
			sourceTree = "<group>";
		};
		DAA08F46223949F500E944FE /* AddPassengerViewController --添加乘客 */ = {
			isa = PBXGroup;
			children = (
				DAA08F49223949F500E944FE /* View */,
				DAA08FBD223C1C0D00E944FE /* AddPassengerViewController.h */,
				DAA08FBE223C1C0D00E944FE /* AddPassengerViewController.m */,
			);
			path = "AddPassengerViewController --添加乘客";
			sourceTree = "<group>";
		};
		DAA08F49223949F500E944FE /* View */ = {
			isa = PBXGroup;
			children = (
				DA2B1B59223CC5BE006CC5D3 /* AddPassengerView */,
				DAA08FC0223C1D6300E944FE /* AddSelectedTableViewCell.h */,
				DAA08FC1223C1D6300E944FE /* AddSelectedTableViewCell.m */,
			);
			path = View;
			sourceTree = "<group>";
		};
		DAA08F4B223949F500E944FE /* LoginViewController -- 登录 */ = {
			isa = PBXGroup;
			children = (
				DAA08F4D223949F500E944FE /* Model */,
				DAA08F4E223949F500E944FE /* View */,
				DAA08F7A2239508000E944FE /* LoginViewController.h */,
				DAA08F7B2239508000E944FE /* LoginViewController.m */,
			);
			path = "LoginViewController -- 登录";
			sourceTree = "<group>";
		};
		DAA08F4D223949F500E944FE /* Model */ = {
			isa = PBXGroup;
			children = (
				DAC779FA223FE48B002B6C0E /* UserInfoModel.h */,
				DAC779FB223FE48B002B6C0E /* UserInfoModel.m */,
			);
			path = Model;
			sourceTree = "<group>";
		};
		DAA08F4E223949F500E944FE /* View */ = {
			isa = PBXGroup;
			children = (
				DAA08F7D2239512300E944FE /* LoginTextView */,
				DAA08F7722394FF300E944FE /* LoginView.h */,
				DAA08F7822394FF300E944FE /* LoginView.m */,
			);
			path = View;
			sourceTree = "<group>";
		};
		DAA08F55223949F500E944FE /* MyViewController -- 我的资料 */ = {
			isa = PBXGroup;
			children = (
				B01CB32E224376B500A9F01C /* Model */,
				DAA08F58223949F500E944FE /* View */,
				DAA08FA3223BFAA000E944FE /* MyViewController.h */,
				DAA08FA4223BFAA000E944FE /* MyViewController.m */,
			);
			path = "MyViewController -- 我的资料";
			sourceTree = "<group>";
		};
		DAA08F58223949F500E944FE /* View */ = {
			isa = PBXGroup;
			children = (
				DAA08FC6223CC1EC00E944FE /* MyView */,
				DAA08FA9223BFDA500E944FE /* MyHeaderTableViewCell.h */,
				DAA08FAA223BFDA500E944FE /* MyHeaderTableViewCell.m */,
				DAA08FAC223C03E400E944FE /* MyTextFieldTableViewCell.h */,
				DAA08FAD223C03E400E944FE /* MyTextFieldTableViewCell.m */,
			);
			path = View;
			sourceTree = "<group>";
		};
		DAA08F5A22394A2700E944FE /* Setting */ = {
			isa = PBXGroup;
			children = (
				DAC779F6223FD756002B6C0E /* SNDefines.h */,
				DAA08F5B22394A5C00E944FE /* PrefixHeader.pch */,
				DAA08F5C22394A6B00E944FE /* ViewSetting.h */,
				DAA08F5D22394A7B00E944FE /* UrlSetting.h */,
			);
			path = Setting;
			sourceTree = "<group>";
		};
		DAA08F5E22394CCE00E944FE /* Base */ = {
			isa = PBXGroup;
			children = (
				DAA08F6522394CCE00E944FE /* BaseView.h */,
				DAA08F5F22394CCE00E944FE /* BaseView.m */,
				DAA08F6822394CCE00E944FE /* BaseViewController.h */,
				DAA08F6022394CCE00E944FE /* BaseViewController.m */,
				DAA08F6222394CCE00E944FE /* BaseNavController.h */,
				DAA08F6622394CCE00E944FE /* BaseNavController.m */,
				DAA08F6922394CCE00E944FE /* BaseTableView.h */,
				DAA08F6422394CCE00E944FE /* BaseTableView.m */,
			);
			path = Base;
			sourceTree = "<group>";
		};
		DAA08F7D2239512300E944FE /* LoginTextView */ = {
			isa = PBXGroup;
			children = (
				DAA08F7E2239513A00E944FE /* LoginTextView.h */,
				DAA08F7F2239513A00E944FE /* LoginTextView.m */,
			);
			path = LoginTextView;
			sourceTree = "<group>";
		};
		DAA08F90223AB8A200E944FE /* cells */ = {
			isa = PBXGroup;
			children = (
				DAA08F91223AB8BF00E944FE /* RouteViewTableViewCell.h */,
				DAA08F92223AB8BF00E944FE /* RouteViewTableViewCell.m */,
			);
			path = cells;
			sourceTree = "<group>";
		};
		DAA08F97223AC07D00E944FE /* Cell */ = {
			isa = PBXGroup;
			children = (
				DAA08F98223AC09D00E944FE /* RouteDetailTableViewCell.h */,
				DAA08F99223AC09D00E944FE /* RouteDetailTableViewCell.m */,
				DAA08F9E223ACA3100E944FE /* RouteDetailTopTableViewCell.h */,
				DAA08F9F223ACA3100E944FE /* RouteDetailTopTableViewCell.m */,
				DAA08FA0223ACA3100E944FE /* RouteDetailTopTableViewCell.xib */,
			);
			path = Cell;
			sourceTree = "<group>";
		};
		DAA08FAF223C12E700E944FE /* Category */ = {
			isa = PBXGroup;
			children = (
				DAC77A2A2242ADE8002B6C0E /* NSDate */,
				DAC77A222242A618002B6C0E /* EBDropdownList */,
				DAC77A0322413FAA002B6C0E /* ACActionSheet */,
				DAC779E8223FC261002B6C0E /* HttpHelp */,
				DAA08FB7223C1A6B00E944FE /* PickView */,
				DAA08FB0223C13D400E944FE /* CustomView */,
			);
			path = Category;
			sourceTree = "<group>";
		};
		DAA08FB0223C13D400E944FE /* CustomView */ = {
			isa = PBXGroup;
			children = (
				DAA08FB1223C13D400E944FE /* JhlvShowAlertController.h */,
				DAA08FB3223C13D400E944FE /* JhlvShowAlertController.m */,
				DAA08FB2223C13D400E944FE /* CustomView.h */,
				DAA08FB4223C13D400E944FE /* CustomView.m */,
			);
			path = CustomView;
			sourceTree = "<group>";
		};
		DAA08FB7223C1A6B00E944FE /* PickView */ = {
			isa = PBXGroup;
			children = (
				DAA08FB8223C1A7A00E944FE /* LZPickerView.h */,
				DAA08FBA223C1A7B00E944FE /* LZPickerView.m */,
				DAA08FB9223C1A7A00E944FE /* LZPickerView.xib */,
			);
			path = PickView;
			sourceTree = "<group>";
		};
		DAA08FC6223CC1EC00E944FE /* MyView */ = {
			isa = PBXGroup;
			children = (
				DAA08FC7223CC20000E944FE /* MyView.h */,
				DAA08FC8223CC20000E944FE /* MyView.m */,
			);
			path = MyView;
			sourceTree = "<group>";
		};
		DAC779E0223FC207002B6C0E /* AllRequest */ = {
			isa = PBXGroup;
			children = (
				DAC779E4223FC237002B6C0E /* JsonDeal */,
				DAC779E1223FC221002B6C0E /* AllRequest.h */,
				DAC779E2223FC221002B6C0E /* AllRequest.m */,
				DAC77A492243D6B4002B6C0E /* OrderStatusTool.h */,
				DAC77A4A2243D6B4002B6C0E /* OrderStatusTool.m */,
			);
			path = AllRequest;
			sourceTree = "<group>";
		};
		DAC779E4223FC237002B6C0E /* JsonDeal */ = {
			isa = PBXGroup;
			children = (
				DAC779E5223FC237002B6C0E /* JsonDeal.m */,
				DAC779E6223FC237002B6C0E /* JsonDeal.h */,
			);
			path = JsonDeal;
			sourceTree = "<group>";
		};
		DAC779E8223FC261002B6C0E /* HttpHelp */ = {
			isa = PBXGroup;
			children = (
				DAC779EA223FC261002B6C0E /* HttpHelpBase.h */,
				DAC779EC223FC261002B6C0E /* HttpHelpBase.m */,
				DAC779EB223FC261002B6C0E /* HttpHelper.h */,
				DAC779E9223FC261002B6C0E /* HttpHelper.m */,
				DAC779ED223FC261002B6C0E /* NHFUpLoadAndDownImages */,
			);
			path = HttpHelp;
			sourceTree = "<group>";
		};
		DAC779ED223FC261002B6C0E /* NHFUpLoadAndDownImages */ = {
			isa = PBXGroup;
			children = (
				DAC779F0223FC261002B6C0E /* NHFDownImages.h */,
				DAC779EE223FC261002B6C0E /* NHFDownImages.m */,
				DAC779EF223FC261002B6C0E /* NHFUpLoadImages.h */,
				DAC779F1223FC261002B6C0E /* NHFUpLoadImages.m */,
			);
			path = NHFUpLoadAndDownImages;
			sourceTree = "<group>";
		};
		DAC77A0322413FAA002B6C0E /* ACActionSheet */ = {
			isa = PBXGroup;
			children = (
				DAC77A0422413FAA002B6C0E /* ACActionSheet.h */,
				DAC77A0522413FAA002B6C0E /* ACActionSheet.bundle */,
				DAC77A0622413FAA002B6C0E /* ACActionSheet.m */,
			);
			path = ACActionSheet;
			sourceTree = "<group>";
		};
		DAC77A092242834C002B6C0E /* MyWalletViewController -- 我的钱包 */ = {
			isa = PBXGroup;
			children = (
				DAC77A0E22428B84002B6C0E /* View */,
				DAC77A0B2242838F002B6C0E /* MyWalletViewController.h */,
				DAC77A0C2242838F002B6C0E /* MyWalletViewController.m */,
			);
			path = "MyWalletViewController -- 我的钱包";
			sourceTree = "<group>";
		};
		DAC77A0E22428B84002B6C0E /* View */ = {
			isa = PBXGroup;
			children = (
				DAC77A1222428C87002B6C0E /* MyWalletView.h */,
				DAC77A1322428C87002B6C0E /* MyWalletView.m */,
				DAC77A1522428EAF002B6C0E /* MyWalletViewTableViewCell.h */,
				DAC77A1622428EAF002B6C0E /* MyWalletViewTableViewCell.m */,
				DAC77A1722428EAF002B6C0E /* MyWalletViewTableViewCell.xib */,
			);
			path = View;
			sourceTree = "<group>";
		};
		DAC77A222242A618002B6C0E /* EBDropdownList */ = {
			isa = PBXGroup;
			children = (
				DAC77A232242A618002B6C0E /* dropdownFlag@3x.png */,
				DAC77A242242A618002B6C0E /* dropdownFlag@2x.png */,
				DAC77A252242A618002B6C0E /* EBDropdownListView.m */,
				DAC77A262242A618002B6C0E /* EBDropdownListView.h */,
			);
			path = EBDropdownList;
			sourceTree = "<group>";
		};
		DAC77A2A2242ADE8002B6C0E /* NSDate */ = {
			isa = PBXGroup;
			children = (
				DAC77A2B2242ADE8002B6C0E /* NSDate+JKZeroDate.h */,
				DAC77A2C2242ADE8002B6C0E /* NSDate+JKReporting.h */,
				DAC77A2D2242ADE8002B6C0E /* NSDate+JKUtilities.h */,
				DAC77A2E2242ADE8002B6C0E /* NSDate+JKFormatter.h */,
				DAC77A2F2242ADE8002B6C0E /* NSDate+JKLunarCalendar.m */,
				DAC77A302242ADE8002B6C0E /* NSDate+JKCupertinoYankee.h */,
				DAC77A312242ADE8002B6C0E /* NSDate+JKExtension.m */,
				DAC77A322242ADE8002B6C0E /* NSDate+JKInternetDateTime.m */,
				DAC77A332242ADE8002B6C0E /* NSDate+JKFormatter.m */,
				DAC77A342242ADE8002B6C0E /* NSDate+JKUtilities.m */,
				DAC77A352242ADE8002B6C0E /* NSDate+JKReporting.m */,
				DAC77A362242ADE8002B6C0E /* NSDate+JKZeroDate.m */,
				DAC77A372242ADE8002B6C0E /* NSDate+JKLunarCalendar.h */,
				DAC77A382242ADE8002B6C0E /* NSDate+JKInternetDateTime.h */,
				DAC77A392242ADE8002B6C0E /* NSDate+JKExtension.h */,
				DAC77A3A2242ADE8002B6C0E /* NSDate+JKCupertinoYankee.m */,
			);
			path = NSDate;
			sourceTree = "<group>";
		};
		DAC77A432243CF72002B6C0E /* Model */ = {
			isa = PBXGroup;
			children = (
				DAC77A442243CF87002B6C0E /* RouteDetailModel.h */,
				DAC77A452243CF87002B6C0E /* RouteDetailModel.m */,
			);
			name = Model;
			path = "New Group";
			sourceTree = "<group>";
		};
/* End PBXGroup section */

/* Begin PBXNativeTarget section */
		DAA08EEF2239406300E944FE /* driverTerrace */ = {
			isa = PBXNativeTarget;
			buildConfigurationList = DAA08F1C2239406700E944FE /* Build configuration list for PBXNativeTarget "driverTerrace" */;
			buildPhases = (
				74E59F83F1431D0A650ACADC /* [CP] Check Pods Manifest.lock */,
				DAA08EEC2239406300E944FE /* Sources */,
				DAA08EED2239406300E944FE /* Frameworks */,
				DAA08EEE2239406300E944FE /* Resources */,
				DB438EF87F52D22FE9F9992A /* [CP] Copy Pods Resources */,
			);
			buildRules = (
			);
			dependencies = (
			);
			name = driverTerrace;
			productName = driverTerrace;
			productReference = DAA08EF02239406300E944FE /* driverTerrace.app */;
			productType = "com.apple.product-type.application";
		};
		DAA08F072239406700E944FE /* driverTerraceTests */ = {
			isa = PBXNativeTarget;
			buildConfigurationList = DAA08F1F2239406700E944FE /* Build configuration list for PBXNativeTarget "driverTerraceTests" */;
			buildPhases = (
				DAA08F042239406700E944FE /* Sources */,
				DAA08F052239406700E944FE /* Frameworks */,
				DAA08F062239406700E944FE /* Resources */,
			);
			buildRules = (
			);
			dependencies = (
				DAA08F0A2239406700E944FE /* PBXTargetDependency */,
			);
			name = driverTerraceTests;
			productName = driverTerraceTests;
			productReference = DAA08F082239406700E944FE /* driverTerraceTests.xctest */;
			productType = "com.apple.product-type.bundle.unit-test";
		};
		DAA08F122239406700E944FE /* driverTerraceUITests */ = {
			isa = PBXNativeTarget;
			buildConfigurationList = DAA08F222239406700E944FE /* Build configuration list for PBXNativeTarget "driverTerraceUITests" */;
			buildPhases = (
				DAA08F0F2239406700E944FE /* Sources */,
				DAA08F102239406700E944FE /* Frameworks */,
				DAA08F112239406700E944FE /* Resources */,
			);
			buildRules = (
			);
			dependencies = (
				DAA08F152239406700E944FE /* PBXTargetDependency */,
			);
			name = driverTerraceUITests;
			productName = driverTerraceUITests;
			productReference = DAA08F132239406700E944FE /* driverTerraceUITests.xctest */;
			productType = "com.apple.product-type.bundle.ui-testing";
		};
/* End PBXNativeTarget section */

/* Begin PBXProject section */
		DAA08EE82239406300E944FE /* Project object */ = {
			isa = PBXProject;
			attributes = {
				LastUpgradeCheck = 1010;
				ORGANIZATIONNAME = xuannalisha;
				TargetAttributes = {
					DAA08EEF2239406300E944FE = {
						CreatedOnToolsVersion = 10.1;
					};
					DAA08F072239406700E944FE = {
						CreatedOnToolsVersion = 10.1;
						TestTargetID = DAA08EEF2239406300E944FE;
					};
					DAA08F122239406700E944FE = {
						CreatedOnToolsVersion = 10.1;
						TestTargetID = DAA08EEF2239406300E944FE;
					};
				};
			};
			buildConfigurationList = DAA08EEB2239406300E944FE /* Build configuration list for PBXProject "driverTerrace" */;
			compatibilityVersion = "Xcode 9.3";
			developmentRegion = en;
			hasScannedForEncodings = 0;
			knownRegions = (
				en,
				Base,
			);
			mainGroup = DAA08EE72239406300E944FE;
			productRefGroup = DAA08EF12239406300E944FE /* Products */;
			projectDirPath = "";
			projectRoot = "";
			targets = (
				DAA08EEF2239406300E944FE /* driverTerrace */,
				DAA08F072239406700E944FE /* driverTerraceTests */,
				DAA08F122239406700E944FE /* driverTerraceUITests */,
			);
		};
/* End PBXProject section */

/* Begin PBXResourcesBuildPhase section */
		DAA08EEE2239406300E944FE /* Resources */ = {
			isa = PBXResourcesBuildPhase;
			buildActionMask = 2147483647;
			files = (
				DAC77A272242A618002B6C0E /* dropdownFlag@3x.png in Resources */,
				DAA08FA2223ACA3100E944FE /* RouteDetailTopTableViewCell.xib in Resources */,
				DAA08F002239406700E944FE /* LaunchScreen.storyboard in Resources */,
				DAC77A282242A618002B6C0E /* dropdownFlag@2x.png in Resources */,
				DAA08EFD2239406700E944FE /* Assets.xcassets in Resources */,
				B01CB34D2243921000A9F01C /* LeaveTableViewCell.xib in Resources */,
				DAC77A1922428EAF002B6C0E /* MyWalletViewTableViewCell.xib in Resources */,
				DAC77A0722413FAA002B6C0E /* ACActionSheet.bundle in Resources */,
				DAA08EFB2239406300E944FE /* Main.storyboard in Resources */,
				DAA08FBB223C1A7B00E944FE /* LZPickerView.xib in Resources */,
			);
			runOnlyForDeploymentPostprocessing = 0;
		};
		DAA08F062239406700E944FE /* Resources */ = {
			isa = PBXResourcesBuildPhase;
			buildActionMask = 2147483647;
			files = (
			);
			runOnlyForDeploymentPostprocessing = 0;
		};
		DAA08F112239406700E944FE /* Resources */ = {
			isa = PBXResourcesBuildPhase;
			buildActionMask = 2147483647;
			files = (
			);
			runOnlyForDeploymentPostprocessing = 0;
		};
/* End PBXResourcesBuildPhase section */

/* Begin PBXShellScriptBuildPhase section */
		74E59F83F1431D0A650ACADC /* [CP] Check Pods Manifest.lock */ = {
			isa = PBXShellScriptBuildPhase;
			buildActionMask = 2147483647;
			files = (
			);
			inputPaths = (
				"${PODS_PODFILE_DIR_PATH}/Podfile.lock",
				"${PODS_ROOT}/Manifest.lock",
			);
			name = "[CP] Check Pods Manifest.lock";
			outputPaths = (
				"$(DERIVED_FILE_DIR)/Pods-driverTerrace-checkManifestLockResult.txt",
			);
			runOnlyForDeploymentPostprocessing = 0;
			shellPath = /bin/sh;
			shellScript = "diff \"${PODS_PODFILE_DIR_PATH}/Podfile.lock\" \"${PODS_ROOT}/Manifest.lock\" > /dev/null\nif [ $? != 0 ] ; then\n    # print error to STDERR\n    echo \"error: The sandbox is not in sync with the Podfile.lock. Run 'pod install' or update your CocoaPods installation.\" >&2\n    exit 1\nfi\n# This output is used by Xcode 'outputs' to avoid re-running this script phase.\necho \"SUCCESS\" > \"${SCRIPT_OUTPUT_FILE_0}\"\n";
			showEnvVarsInLog = 0;
		};
		DB438EF87F52D22FE9F9992A /* [CP] Copy Pods Resources */ = {
			isa = PBXShellScriptBuildPhase;
			buildActionMask = 2147483647;
			files = (
			);
			inputPaths = (
				"${SRCROOT}/Pods/Target Support Files/Pods-driverTerrace/Pods-driverTerrace-resources.sh",
				"${PODS_ROOT}/HWDownSelectedView/HWDownSelectedTF/Resources/arrow_up@2x.png",
				"${PODS_ROOT}/IQKeyboardManager/IQKeyboardManager/Resources/IQKeyboardManager.bundle",
				"${PODS_ROOT}/MJRefresh/MJRefresh/MJRefresh.bundle",
				"${PODS_ROOT}/TZImagePickerController/TZImagePickerController/TZImagePickerController/TZImagePickerController.bundle",
			);
			name = "[CP] Copy Pods Resources";
			outputPaths = (
				"${TARGET_BUILD_DIR}/${UNLOCALIZED_RESOURCES_FOLDER_PATH}/arrow_up@2x.png",
				"${TARGET_BUILD_DIR}/${UNLOCALIZED_RESOURCES_FOLDER_PATH}/IQKeyboardManager.bundle",
				"${TARGET_BUILD_DIR}/${UNLOCALIZED_RESOURCES_FOLDER_PATH}/MJRefresh.bundle",
				"${TARGET_BUILD_DIR}/${UNLOCALIZED_RESOURCES_FOLDER_PATH}/TZImagePickerController.bundle",
			);
			runOnlyForDeploymentPostprocessing = 0;
			shellPath = /bin/sh;
			shellScript = "\"${SRCROOT}/Pods/Target Support Files/Pods-driverTerrace/Pods-driverTerrace-resources.sh\"\n";
			showEnvVarsInLog = 0;
		};
/* End PBXShellScriptBuildPhase section */

/* Begin PBXSourcesBuildPhase section */
		DAA08EEC2239406300E944FE /* Sources */ = {
			isa = PBXSourcesBuildPhase;
			buildActionMask = 2147483647;
			files = (
				DAC77A462243CF87002B6C0E /* RouteDetailModel.m in Sources */,
				DAC77A4B2243D6B4002B6C0E /* OrderStatusTool.m in Sources */,
				DAA08F8F223AB7D000E944FE /* RouteView.m in Sources */,
				DAA08EF82239406300E944FE /* ViewController.m in Sources */,
				DAA08F6F22394CCE00E944FE /* BaseNavController.m in Sources */,
				DAA08FB5223C13D400E944FE /* JhlvShowAlertController.m in Sources */,
				DAA08F6C22394CCE00E944FE /* BaseViewController.m in Sources */,
				DA2B1B65223D12E3006CC5D3 /* ResetPassViewController.m in Sources */,
				B01CB3392243825A00A9F01C /* ChangePassView.m in Sources */,
				DAA08FA1223ACA3100E944FE /* RouteDetailTopTableViewCell.m in Sources */,
				DAA08F032239406700E944FE /* main.m in Sources */,
				DAA08FBF223C1C0D00E944FE /* AddPassengerViewController.m in Sources */,
				DAC77A022240077C002B6C0E /* RegisterView.m in Sources */,
				DAA08F802239513A00E944FE /* LoginTextView.m in Sources */,
				DAC77A412242ADE8002B6C0E /* NSDate+JKZeroDate.m in Sources */,
				DA2B1B5F223D0E01006CC5D3 /* SettingView.m in Sources */,
				DAA08F7C2239508000E944FE /* LoginViewController.m in Sources */,
				DAA08F86223A946800E944FE /* HomePeopleView.m in Sources */,
				DAA08FA5223BFAA000E944FE /* MyViewController.m in Sources */,
				DAA08F9A223AC09D00E944FE /* RouteDetailTableViewCell.m in Sources */,
				DAC77A3F2242ADE8002B6C0E /* NSDate+JKUtilities.m in Sources */,
				DA2B1B70223E5AEF006CC5D3 /* HomeAlertView.m in Sources */,
				DAA08F7322394D3000E944FE /* HomeViewController.m in Sources */,
				B01CB34C2243921000A9F01C /* LeaveTableViewCell.m in Sources */,
				DAC77A292242A618002B6C0E /* EBDropdownListView.m in Sources */,
				DAA08EF52239406300E944FE /* AppDelegate.m in Sources */,
				DAC77A1822428EAF002B6C0E /* MyWalletViewTableViewCell.m in Sources */,
				DAA08F6B22394CCE00E944FE /* BaseView.m in Sources */,
				DAA08FAB223BFDA500E944FE /* MyHeaderTableViewCell.m in Sources */,
				B0474D7F223B9ED6003C6AEE /* HomeUserView.m in Sources */,
				DAA08F7922394FF300E944FE /* LoginView.m in Sources */,
				B01CB3352243822600A9F01C /* ChangePassViewController.m in Sources */,
				DAC779F3223FC261002B6C0E /* HttpHelpBase.m in Sources */,
				DAA08F6E22394CCE00E944FE /* BaseTableView.m in Sources */,
				DAA08F96223AC07400E944FE /* RouteDetailView.m in Sources */,
				DA2B1B6D223D5943006CC5D3 /* lawView.m in Sources */,
				B01CB331224376CA00A9F01C /* MyInfoModel.m in Sources */,
				DAA08F89223AB7AC00E944FE /* RouteViewController.m in Sources */,
				DA2B1B73223E5CC8006CC5D3 /* HomeCarView.m in Sources */,
				DAA08F83223A945200E944FE /* HomeTopView.m in Sources */,
				DAC779F5223FC261002B6C0E /* NHFUpLoadImages.m in Sources */,
				B01CB34422438C7E00A9F01C /* LeaveView.m in Sources */,
				B01CB32D2242482200A9F01C /* RouteListModel.m in Sources */,
				DAA08FC5223C82E800E944FE /* RegisterViewController.m in Sources */,
				B01CB33C224389AE00A9F01C /* PassTextView.m in Sources */,
				B0474D83223BAEED003C6AEE /* CityViewController.m in Sources */,
				DA2B1B77223E6155006CC5D3 /* LWDPageControl.m in Sources */,
				DA2B1B69223D591E006CC5D3 /* lawViewController.m in Sources */,
				DA2B1B5C223CC5CB006CC5D3 /* AddPassengerView.m in Sources */,
				DAA08F8C223AB7BB00E944FE /* RouteDetailViewController.m in Sources */,
				DAC77A422242ADE8002B6C0E /* NSDate+JKCupertinoYankee.m in Sources */,
				DAA08F93223AB8BF00E944FE /* RouteViewTableViewCell.m in Sources */,
				DAC77A402242ADE8002B6C0E /* NSDate+JKReporting.m in Sources */,
				DAC77A1422428C87002B6C0E /* MyWalletView.m in Sources */,
				DAC779F2223FC261002B6C0E /* HttpHelper.m in Sources */,
				DAC779FC223FE48B002B6C0E /* UserInfoModel.m in Sources */,
				DAA08FC2223C1D6300E944FE /* AddSelectedTableViewCell.m in Sources */,
				DAA08FB6223C13D400E944FE /* CustomView.m in Sources */,
				DAC77A3E2242ADE8002B6C0E /* NSDate+JKFormatter.m in Sources */,
				DAC779E3223FC221002B6C0E /* AllRequest.m in Sources */,
				DAC77A0822413FAA002B6C0E /* ACActionSheet.m in Sources */,
				DAC77A3B2242ADE8002B6C0E /* NSDate+JKLunarCalendar.m in Sources */,
				DAC779F4223FC261002B6C0E /* NHFDownImages.m in Sources */,
				DAA08FC9223CC20000E944FE /* MyView.m in Sources */,
				DAC77A3C2242ADE8002B6C0E /* NSDate+JKExtension.m in Sources */,
				DAC77A0D2242838F002B6C0E /* MyWalletViewController.m in Sources */,
				DAA08FA8223BFB3200E944FE /* SettingViewController.m in Sources */,
				DAC779FF223FF3C2002B6C0E /* OrderModel.m in Sources */,
				B01CB34022438C5600A9F01C /* LeaveViewController.m in Sources */,
				DAC779E7223FC237002B6C0E /* JsonDeal.m in Sources */,
				DAA08FBC223C1A7B00E944FE /* LZPickerView.m in Sources */,
				DAA08FAE223C03E400E944FE /* MyTextFieldTableViewCell.m in Sources */,
				DAC77A3D2242ADE8002B6C0E /* NSDate+JKInternetDateTime.m in Sources */,
			);
			runOnlyForDeploymentPostprocessing = 0;
		};
		DAA08F042239406700E944FE /* Sources */ = {
			isa = PBXSourcesBuildPhase;
			buildActionMask = 2147483647;
			files = (
				DAA08F0D2239406700E944FE /* driverTerraceTests.m in Sources */,
			);
			runOnlyForDeploymentPostprocessing = 0;
		};
		DAA08F0F2239406700E944FE /* Sources */ = {
			isa = PBXSourcesBuildPhase;
			buildActionMask = 2147483647;
			files = (
				DAA08F182239406700E944FE /* driverTerraceUITests.m in Sources */,
			);
			runOnlyForDeploymentPostprocessing = 0;
		};
/* End PBXSourcesBuildPhase section */

/* Begin PBXTargetDependency section */
		DAA08F0A2239406700E944FE /* PBXTargetDependency */ = {
			isa = PBXTargetDependency;
			target = DAA08EEF2239406300E944FE /* driverTerrace */;
			targetProxy = DAA08F092239406700E944FE /* PBXContainerItemProxy */;
		};
		DAA08F152239406700E944FE /* PBXTargetDependency */ = {
			isa = PBXTargetDependency;
			target = DAA08EEF2239406300E944FE /* driverTerrace */;
			targetProxy = DAA08F142239406700E944FE /* PBXContainerItemProxy */;
		};
/* End PBXTargetDependency section */

/* Begin PBXVariantGroup section */
		DAA08EF92239406300E944FE /* Main.storyboard */ = {
			isa = PBXVariantGroup;
			children = (
				DAA08EFA2239406300E944FE /* Base */,
			);
			name = Main.storyboard;
			sourceTree = "<group>";
		};
		DAA08EFE2239406700E944FE /* LaunchScreen.storyboard */ = {
			isa = PBXVariantGroup;
			children = (
				DAA08EFF2239406700E944FE /* Base */,
			);
			name = LaunchScreen.storyboard;
			sourceTree = "<group>";
		};
/* End PBXVariantGroup section */

/* Begin XCBuildConfiguration section */
		DAA08F1A2239406700E944FE /* Debug */ = {
			isa = XCBuildConfiguration;
			buildSettings = {
				ALWAYS_SEARCH_USER_PATHS = NO;
				CLANG_ANALYZER_NONNULL = YES;
				CLANG_ANALYZER_NUMBER_OBJECT_CONVERSION = YES_AGGRESSIVE;
				CLANG_CXX_LANGUAGE_STANDARD = "gnu++14";
				CLANG_CXX_LIBRARY = "libc++";
				CLANG_ENABLE_MODULES = YES;
				CLANG_ENABLE_OBJC_ARC = YES;
				CLANG_ENABLE_OBJC_WEAK = YES;
				CLANG_WARN_BLOCK_CAPTURE_AUTORELEASING = YES;
				CLANG_WARN_BOOL_CONVERSION = YES;
				CLANG_WARN_COMMA = YES;
				CLANG_WARN_CONSTANT_CONVERSION = YES;
				CLANG_WARN_DEPRECATED_OBJC_IMPLEMENTATIONS = YES;
				CLANG_WARN_DIRECT_OBJC_ISA_USAGE = YES_ERROR;
				CLANG_WARN_DOCUMENTATION_COMMENTS = YES;
				CLANG_WARN_EMPTY_BODY = YES;
				CLANG_WARN_ENUM_CONVERSION = YES;
				CLANG_WARN_INFINITE_RECURSION = YES;
				CLANG_WARN_INT_CONVERSION = YES;
				CLANG_WARN_NON_LITERAL_NULL_CONVERSION = YES;
				CLANG_WARN_OBJC_IMPLICIT_RETAIN_SELF = YES;
				CLANG_WARN_OBJC_LITERAL_CONVERSION = YES;
				CLANG_WARN_OBJC_ROOT_CLASS = YES_ERROR;
				CLANG_WARN_RANGE_LOOP_ANALYSIS = YES;
				CLANG_WARN_STRICT_PROTOTYPES = YES;
				CLANG_WARN_SUSPICIOUS_MOVE = YES;
				CLANG_WARN_UNGUARDED_AVAILABILITY = YES_AGGRESSIVE;
				CLANG_WARN_UNREACHABLE_CODE = YES;
				CLANG_WARN__DUPLICATE_METHOD_MATCH = YES;
				CODE_SIGN_IDENTITY = "iPhone Developer";
				COPY_PHASE_STRIP = NO;
				DEBUG_INFORMATION_FORMAT = dwarf;
				ENABLE_STRICT_OBJC_MSGSEND = YES;
				ENABLE_TESTABILITY = YES;
				GCC_C_LANGUAGE_STANDARD = gnu11;
				GCC_DYNAMIC_NO_PIC = NO;
				GCC_NO_COMMON_BLOCKS = YES;
				GCC_OPTIMIZATION_LEVEL = 0;
				GCC_PREPROCESSOR_DEFINITIONS = (
					"DEBUG=1",
					"$(inherited)",
				);
				GCC_WARN_64_TO_32_BIT_CONVERSION = YES;
				GCC_WARN_ABOUT_RETURN_TYPE = YES_ERROR;
				GCC_WARN_UNDECLARED_SELECTOR = YES;
				GCC_WARN_UNINITIALIZED_AUTOS = YES_AGGRESSIVE;
				GCC_WARN_UNUSED_FUNCTION = YES;
				GCC_WARN_UNUSED_VARIABLE = YES;
				IPHONEOS_DEPLOYMENT_TARGET = 12.1;
				MTL_ENABLE_DEBUG_INFO = INCLUDE_SOURCE;
				MTL_FAST_MATH = YES;
				ONLY_ACTIVE_ARCH = YES;
				SDKROOT = iphoneos;
			};
			name = Debug;
		};
		DAA08F1B2239406700E944FE /* Release */ = {
			isa = XCBuildConfiguration;
			buildSettings = {
				ALWAYS_SEARCH_USER_PATHS = NO;
				CLANG_ANALYZER_NONNULL = YES;
				CLANG_ANALYZER_NUMBER_OBJECT_CONVERSION = YES_AGGRESSIVE;
				CLANG_CXX_LANGUAGE_STANDARD = "gnu++14";
				CLANG_CXX_LIBRARY = "libc++";
				CLANG_ENABLE_MODULES = YES;
				CLANG_ENABLE_OBJC_ARC = YES;
				CLANG_ENABLE_OBJC_WEAK = YES;
				CLANG_WARN_BLOCK_CAPTURE_AUTORELEASING = YES;
				CLANG_WARN_BOOL_CONVERSION = YES;
				CLANG_WARN_COMMA = YES;
				CLANG_WARN_CONSTANT_CONVERSION = YES;
				CLANG_WARN_DEPRECATED_OBJC_IMPLEMENTATIONS = YES;
				CLANG_WARN_DIRECT_OBJC_ISA_USAGE = YES_ERROR;
				CLANG_WARN_DOCUMENTATION_COMMENTS = YES;
				CLANG_WARN_EMPTY_BODY = YES;
				CLANG_WARN_ENUM_CONVERSION = YES;
				CLANG_WARN_INFINITE_RECURSION = YES;
				CLANG_WARN_INT_CONVERSION = YES;
				CLANG_WARN_NON_LITERAL_NULL_CONVERSION = YES;
				CLANG_WARN_OBJC_IMPLICIT_RETAIN_SELF = YES;
				CLANG_WARN_OBJC_LITERAL_CONVERSION = YES;
				CLANG_WARN_OBJC_ROOT_CLASS = YES_ERROR;
				CLANG_WARN_RANGE_LOOP_ANALYSIS = YES;
				CLANG_WARN_STRICT_PROTOTYPES = YES;
				CLANG_WARN_SUSPICIOUS_MOVE = YES;
				CLANG_WARN_UNGUARDED_AVAILABILITY = YES_AGGRESSIVE;
				CLANG_WARN_UNREACHABLE_CODE = YES;
				CLANG_WARN__DUPLICATE_METHOD_MATCH = YES;
				CODE_SIGN_IDENTITY = "iPhone Developer";
				COPY_PHASE_STRIP = NO;
				DEBUG_INFORMATION_FORMAT = "dwarf-with-dsym";
				ENABLE_NS_ASSERTIONS = NO;
				ENABLE_STRICT_OBJC_MSGSEND = YES;
				GCC_C_LANGUAGE_STANDARD = gnu11;
				GCC_NO_COMMON_BLOCKS = YES;
				GCC_WARN_64_TO_32_BIT_CONVERSION = YES;
				GCC_WARN_ABOUT_RETURN_TYPE = YES_ERROR;
				GCC_WARN_UNDECLARED_SELECTOR = YES;
				GCC_WARN_UNINITIALIZED_AUTOS = YES_AGGRESSIVE;
				GCC_WARN_UNUSED_FUNCTION = YES;
				GCC_WARN_UNUSED_VARIABLE = YES;
				IPHONEOS_DEPLOYMENT_TARGET = 12.1;
				MTL_ENABLE_DEBUG_INFO = NO;
				MTL_FAST_MATH = YES;
				SDKROOT = iphoneos;
				VALIDATE_PRODUCT = YES;
			};
			name = Release;
		};
		DAA08F1D2239406700E944FE /* Debug */ = {
			isa = XCBuildConfiguration;
			baseConfigurationReference = 34A57B9EC30AD0E5F955AF52 /* Pods-driverTerrace.debug.xcconfig */;
			buildSettings = {
				ASSETCATALOG_COMPILER_APPICON_NAME = AppIcon;
				CODE_SIGN_IDENTITY = "iPhone Developer";
				CODE_SIGN_STYLE = Automatic;
				DEVELOPMENT_TEAM = 52HKCP4F62;
				GCC_PRECOMPILE_PREFIX_HEADER = YES;
				GCC_PREFIX_HEADER = "$(SRCROOT)/driverTerrace/Setting/PrefixHeader.pch";
				INFOPLIST_FILE = driverTerrace/Info.plist;
				IPHONEOS_DEPLOYMENT_TARGET = 9.0;
				LD_RUNPATH_SEARCH_PATHS = (
					"$(inherited)",
					"@executable_path/Frameworks",
				);
				PRODUCT_BUNDLE_IDENTIFIER = com.fx.driverTerrace;
				PRODUCT_NAME = "$(TARGET_NAME)";
				PROVISIONING_PROFILE_SPECIFIER = "";
				TARGETED_DEVICE_FAMILY = 1;
				USER_HEADER_SEARCH_PATHS = "$(PODS_ROOT)/**";
			};
			name = Debug;
		};
		DAA08F1E2239406700E944FE /* Release */ = {
			isa = XCBuildConfiguration;
			baseConfigurationReference = 2C7B1639EF61C1F0557DEDA1 /* Pods-driverTerrace.release.xcconfig */;
			buildSettings = {
				ASSETCATALOG_COMPILER_APPICON_NAME = AppIcon;
				CODE_SIGN_IDENTITY = "iPhone Developer";
				CODE_SIGN_STYLE = Automatic;
				DEVELOPMENT_TEAM = 52HKCP4F62;
				GCC_PRECOMPILE_PREFIX_HEADER = YES;
				GCC_PREFIX_HEADER = "$(SRCROOT)/driverTerrace/Setting/PrefixHeader.pch";
				INFOPLIST_FILE = driverTerrace/Info.plist;
				IPHONEOS_DEPLOYMENT_TARGET = 9.0;
				LD_RUNPATH_SEARCH_PATHS = (
					"$(inherited)",
					"@executable_path/Frameworks",
				);
				PRODUCT_BUNDLE_IDENTIFIER = com.fx.driverTerrace;
				PRODUCT_NAME = "$(TARGET_NAME)";
				PROVISIONING_PROFILE_SPECIFIER = "";
				TARGETED_DEVICE_FAMILY = 1;
				USER_HEADER_SEARCH_PATHS = "$(PODS_ROOT)/**";
			};
			name = Release;
		};
		DAA08F202239406700E944FE /* Debug */ = {
			isa = XCBuildConfiguration;
			buildSettings = {
				BUNDLE_LOADER = "$(TEST_HOST)";
				CODE_SIGN_STYLE = Automatic;
				DEVELOPMENT_TEAM = 4C4BBJ8J25;
				INFOPLIST_FILE = driverTerraceTests/Info.plist;
				LD_RUNPATH_SEARCH_PATHS = (
					"$(inherited)",
					"@executable_path/Frameworks",
					"@loader_path/Frameworks",
				);
				PRODUCT_BUNDLE_IDENTIFIER = com.fx.driverTerraceTests;
				PRODUCT_NAME = "$(TARGET_NAME)";
				TARGETED_DEVICE_FAMILY = "1,2";
				TEST_HOST = "$(BUILT_PRODUCTS_DIR)/driverTerrace.app/driverTerrace";
			};
			name = Debug;
		};
		DAA08F212239406700E944FE /* Release */ = {
			isa = XCBuildConfiguration;
			buildSettings = {
				BUNDLE_LOADER = "$(TEST_HOST)";
				CODE_SIGN_STYLE = Automatic;
				DEVELOPMENT_TEAM = 4C4BBJ8J25;
				INFOPLIST_FILE = driverTerraceTests/Info.plist;
				LD_RUNPATH_SEARCH_PATHS = (
					"$(inherited)",
					"@executable_path/Frameworks",
					"@loader_path/Frameworks",
				);
				PRODUCT_BUNDLE_IDENTIFIER = com.fx.driverTerraceTests;
				PRODUCT_NAME = "$(TARGET_NAME)";
				TARGETED_DEVICE_FAMILY = "1,2";
				TEST_HOST = "$(BUILT_PRODUCTS_DIR)/driverTerrace.app/driverTerrace";
			};
			name = Release;
		};
		DAA08F232239406700E944FE /* Debug */ = {
			isa = XCBuildConfiguration;
			buildSettings = {
				CODE_SIGN_STYLE = Automatic;
				DEVELOPMENT_TEAM = 4C4BBJ8J25;
				INFOPLIST_FILE = driverTerraceUITests/Info.plist;
				LD_RUNPATH_SEARCH_PATHS = (
					"$(inherited)",
					"@executable_path/Frameworks",
					"@loader_path/Frameworks",
				);
				PRODUCT_BUNDLE_IDENTIFIER = com.fx.driverTerraceUITests;
				PRODUCT_NAME = "$(TARGET_NAME)";
				TARGETED_DEVICE_FAMILY = "1,2";
				TEST_TARGET_NAME = driverTerrace;
			};
			name = Debug;
		};
		DAA08F242239406700E944FE /* Release */ = {
			isa = XCBuildConfiguration;
			buildSettings = {
				CODE_SIGN_STYLE = Automatic;
				DEVELOPMENT_TEAM = 4C4BBJ8J25;
				INFOPLIST_FILE = driverTerraceUITests/Info.plist;
				LD_RUNPATH_SEARCH_PATHS = (
					"$(inherited)",
					"@executable_path/Frameworks",
					"@loader_path/Frameworks",
				);
				PRODUCT_BUNDLE_IDENTIFIER = com.fx.driverTerraceUITests;
				PRODUCT_NAME = "$(TARGET_NAME)";
				TARGETED_DEVICE_FAMILY = "1,2";
				TEST_TARGET_NAME = driverTerrace;
			};
			name = Release;
		};
/* End XCBuildConfiguration section */

/* Begin XCConfigurationList section */
		DAA08EEB2239406300E944FE /* Build configuration list for PBXProject "driverTerrace" */ = {
			isa = XCConfigurationList;
			buildConfigurations = (
				DAA08F1A2239406700E944FE /* Debug */,
				DAA08F1B2239406700E944FE /* Release */,
			);
			defaultConfigurationIsVisible = 0;
			defaultConfigurationName = Release;
		};
		DAA08F1C2239406700E944FE /* Build configuration list for PBXNativeTarget "driverTerrace" */ = {
			isa = XCConfigurationList;
			buildConfigurations = (
				DAA08F1D2239406700E944FE /* Debug */,
				DAA08F1E2239406700E944FE /* Release */,
			);
			defaultConfigurationIsVisible = 0;
			defaultConfigurationName = Release;
		};
		DAA08F1F2239406700E944FE /* Build configuration list for PBXNativeTarget "driverTerraceTests" */ = {
			isa = XCConfigurationList;
			buildConfigurations = (
				DAA08F202239406700E944FE /* Debug */,
				DAA08F212239406700E944FE /* Release */,
			);
			defaultConfigurationIsVisible = 0;
			defaultConfigurationName = Release;
		};
		DAA08F222239406700E944FE /* Build configuration list for PBXNativeTarget "driverTerraceUITests" */ = {
			isa = XCConfigurationList;
			buildConfigurations = (
				DAA08F232239406700E944FE /* Debug */,
				DAA08F242239406700E944FE /* Release */,
			);
			defaultConfigurationIsVisible = 0;
			defaultConfigurationName = Release;
		};
/* End XCConfigurationList section */
	};
	rootObject = DAA08EE82239406300E944FE /* Project object */;
}
