// !$*UTF8*$!
{
	archiveVersion = 1;
	classes = {
	};
	objectVersion = 50;
	objects = {

/* Begin PBXBuildFile section */
		28751140572E12D2109013FA /* libPods-driverTerrace.a in Frameworks */ = {isa = PBXBuildFile; fileRef = 22FD2875E51B8A57DE8B8148 /* libPods-driverTerrace.a */; };
		B0474D7F223B9ED6003C6AEE /* HomeUserView.m in Sources */ = {isa = PBXBuildFile; fileRef = B0474D7E223B9ED6003C6AEE /* HomeUserView.m */; };
		B0474D83223BAEED003C6AEE /* CityViewController.m in Sources */ = {isa = PBXBuildFile; fileRef = B0474D82223BAEED003C6AEE /* CityViewController.m */; };
		DAA08EF52239406300E944FE /* AppDelegate.m in Sources */ = {isa = PBXBuildFile; fileRef = DAA08EF42239406300E944FE /* AppDelegate.m */; };
		DAA08EF82239406300E944FE /* ViewController.m in Sources */ = {isa = PBXBuildFile; fileRef = DAA08EF72239406300E944FE /* ViewController.m */; };
		DAA08EFB2239406300E944FE /* Main.storyboard in Resources */ = {isa = PBXBuildFile; fileRef = DAA08EF92239406300E944FE /* Main.storyboard */; };
		DAA08EFD2239406700E944FE /* Assets.xcassets in Resources */ = {isa = PBXBuildFile; fileRef = DAA08EFC2239406700E944FE /* Assets.xcassets */; };
		DAA08F002239406700E944FE /* LaunchScreen.storyboard in Resources */ = {isa = PBXBuildFile; fileRef = DAA08EFE2239406700E944FE /* LaunchScreen.storyboard */; };
		DAA08F032239406700E944FE /* main.m in Sources */ = {isa = PBXBuildFile; fileRef = DAA08F022239406700E944FE /* main.m */; };
		DAA08F0D2239406700E944FE /* driverTerraceTests.m in Sources */ = {isa = PBXBuildFile; fileRef = DAA08F0C2239406700E944FE /* driverTerraceTests.m */; };
		DAA08F182239406700E944FE /* driverTerraceUITests.m in Sources */ = {isa = PBXBuildFile; fileRef = DAA08F172239406700E944FE /* driverTerraceUITests.m */; };
		DAA08F6B22394CCE00E944FE /* BaseView.m in Sources */ = {isa = PBXBuildFile; fileRef = DAA08F5F22394CCE00E944FE /* BaseView.m */; };
		DAA08F6C22394CCE00E944FE /* BaseViewController.m in Sources */ = {isa = PBXBuildFile; fileRef = DAA08F6022394CCE00E944FE /* BaseViewController.m */; };
		DAA08F6E22394CCE00E944FE /* BaseTableView.m in Sources */ = {isa = PBXBuildFile; fileRef = DAA08F6422394CCE00E944FE /* BaseTableView.m */; };
		DAA08F6F22394CCE00E944FE /* BaseNavController.m in Sources */ = {isa = PBXBuildFile; fileRef = DAA08F6622394CCE00E944FE /* BaseNavController.m */; };
		DAA08F7322394D3000E944FE /* HomeViewController.m in Sources */ = {isa = PBXBuildFile; fileRef = DAA08F7222394D3000E944FE /* HomeViewController.m */; };
		DAA08F7922394FF300E944FE /* LoginView.m in Sources */ = {isa = PBXBuildFile; fileRef = DAA08F7822394FF300E944FE /* LoginView.m */; };
		DAA08F7C2239508000E944FE /* LoginViewController.m in Sources */ = {isa = PBXBuildFile; fileRef = DAA08F7B2239508000E944FE /* LoginViewController.m */; };
		DAA08F802239513A00E944FE /* LoginTextView.m in Sources */ = {isa = PBXBuildFile; fileRef = DAA08F7F2239513A00E944FE /* LoginTextView.m */; };
		DAA08F83223A945200E944FE /* HomeTopView.m in Sources */ = {isa = PBXBuildFile; fileRef = DAA08F82223A945200E944FE /* HomeTopView.m */; };
		DAA08F86223A946800E944FE /* HomePeopleView.m in Sources */ = {isa = PBXBuildFile; fileRef = DAA08F85223A946800E944FE /* HomePeopleView.m */; };
		DAA08F89223AB7AC00E944FE /* RouteViewController.m in Sources */ = {isa = PBXBuildFile; fileRef = DAA08F88223AB7AC00E944FE /* RouteViewController.m */; };
		DAA08F8C223AB7BB00E944FE /* RouteDetailViewController.m in Sources */ = {isa = PBXBuildFile; fileRef = DAA08F8B223AB7BB00E944FE /* RouteDetailViewController.m */; };
		DAA08F8F223AB7D000E944FE /* RouteView.m in Sources */ = {isa = PBXBuildFile; fileRef = DAA08F8E223AB7D000E944FE /* RouteView.m */; };
		DAA08F93223AB8BF00E944FE /* RouteViewTableViewCell.m in Sources */ = {isa = PBXBuildFile; fileRef = DAA08F92223AB8BF00E944FE /* RouteViewTableViewCell.m */; };
		DAA08F96223AC07400E944FE /* RouteDetailView.m in Sources */ = {isa = PBXBuildFile; fileRef = DAA08F95223AC07400E944FE /* RouteDetailView.m */; };
		DAA08F9A223AC09D00E944FE /* RouteDetailTableViewCell.m in Sources */ = {isa = PBXBuildFile; fileRef = DAA08F99223AC09D00E944FE /* RouteDetailTableViewCell.m */; };
		DAA08FA1223ACA3100E944FE /* RouteDetailTopTableViewCell.m in Sources */ = {isa = PBXBuildFile; fileRef = DAA08F9F223ACA3100E944FE /* RouteDetailTopTableViewCell.m */; };
		DAA08FA2223ACA3100E944FE /* RouteDetailTopTableViewCell.xib in Resources */ = {isa = PBXBuildFile; fileRef = DAA08FA0223ACA3100E944FE /* RouteDetailTopTableViewCell.xib */; };
/* End PBXBuildFile section */

/* Begin PBXContainerItemProxy section */
		DAA08F092239406700E944FE /* PBXContainerItemProxy */ = {
			isa = PBXContainerItemProxy;
			containerPortal = DAA08EE82239406300E944FE /* Project object */;
			proxyType = 1;
			remoteGlobalIDString = DAA08EEF2239406300E944FE;
			remoteInfo = driverTerrace;
		};
		DAA08F142239406700E944FE /* PBXContainerItemProxy */ = {
			isa = PBXContainerItemProxy;
			containerPortal = DAA08EE82239406300E944FE /* Project object */;
			proxyType = 1;
			remoteGlobalIDString = DAA08EEF2239406300E944FE;
			remoteInfo = driverTerrace;
		};
/* End PBXContainerItemProxy section */

/* Begin PBXFileReference section */
		22FD2875E51B8A57DE8B8148 /* libPods-driverTerrace.a */ = {isa = PBXFileReference; explicitFileType = archive.ar; includeInIndex = 0; path = "libPods-driverTerrace.a"; sourceTree = BUILT_PRODUCTS_DIR; };
		2C7B1639EF61C1F0557DEDA1 /* Pods-driverTerrace.release.xcconfig */ = {isa = PBXFileReference; includeInIndex = 1; lastKnownFileType = text.xcconfig; name = "Pods-driverTerrace.release.xcconfig"; path = "Pods/Target Support Files/Pods-driverTerrace/Pods-driverTerrace.release.xcconfig"; sourceTree = "<group>"; };
		34A57B9EC30AD0E5F955AF52 /* Pods-driverTerrace.debug.xcconfig */ = {isa = PBXFileReference; includeInIndex = 1; lastKnownFileType = text.xcconfig; name = "Pods-driverTerrace.debug.xcconfig"; path = "Pods/Target Support Files/Pods-driverTerrace/Pods-driverTerrace.debug.xcconfig"; sourceTree = "<group>"; };
		B0474D7D223B9ED6003C6AEE /* HomeUserView.h */ = {isa = PBXFileReference; lastKnownFileType = sourcecode.c.h; path = HomeUserView.h; sourceTree = "<group>"; };
		B0474D7E223B9ED6003C6AEE /* HomeUserView.m */ = {isa = PBXFileReference; lastKnownFileType = sourcecode.c.objc; path = HomeUserView.m; sourceTree = "<group>"; };
		B0474D81223BAEED003C6AEE /* CityViewController.h */ = {isa = PBXFileReference; lastKnownFileType = sourcecode.c.h; path = CityViewController.h; sourceTree = "<group>"; };
		B0474D82223BAEED003C6AEE /* CityViewController.m */ = {isa = PBXFileReference; lastKnownFileType = sourcecode.c.objc; path = CityViewController.m; sourceTree = "<group>"; };
		DAA08EF02239406300E944FE /* driverTerrace.app */ = {isa = PBXFileReference; explicitFileType = wrapper.application; includeInIndex = 0; path = driverTerrace.app; sourceTree = BUILT_PRODUCTS_DIR; };
		DAA08EF32239406300E944FE /* AppDelegate.h */ = {isa = PBXFileReference; lastKnownFileType = sourcecode.c.h; path = AppDelegate.h; sourceTree = "<group>"; };
		DAA08EF42239406300E944FE /* AppDelegate.m */ = {isa = PBXFileReference; lastKnownFileType = sourcecode.c.objc; path = AppDelegate.m; sourceTree = "<group>"; };
		DAA08EF62239406300E944FE /* ViewController.h */ = {isa = PBXFileReference; lastKnownFileType = sourcecode.c.h; path = ViewController.h; sourceTree = "<group>"; };
		DAA08EF72239406300E944FE /* ViewController.m */ = {isa = PBXFileReference; lastKnownFileType = sourcecode.c.objc; path = ViewController.m; sourceTree = "<group>"; };
		DAA08EFA2239406300E944FE /* Base */ = {isa = PBXFileReference; lastKnownFileType = file.storyboard; name = Base; path = Base.lproj/Main.storyboard; sourceTree = "<group>"; };
		DAA08EFC2239406700E944FE /* Assets.xcassets */ = {isa = PBXFileReference; lastKnownFileType = folder.assetcatalog; path = Assets.xcassets; sourceTree = "<group>"; };
		DAA08EFF2239406700E944FE /* Base */ = {isa = PBXFileReference; lastKnownFileType = file.storyboard; name = Base; path = Base.lproj/LaunchScreen.storyboard; sourceTree = "<group>"; };
		DAA08F012239406700E944FE /* Info.plist */ = {isa = PBXFileReference; lastKnownFileType = text.plist.xml; path = Info.plist; sourceTree = "<group>"; };
		DAA08F022239406700E944FE /* main.m */ = {isa = PBXFileReference; lastKnownFileType = sourcecode.c.objc; path = main.m; sourceTree = "<group>"; };
		DAA08F082239406700E944FE /* driverTerraceTests.xctest */ = {isa = PBXFileReference; explicitFileType = wrapper.cfbundle; includeInIndex = 0; path = driverTerraceTests.xctest; sourceTree = BUILT_PRODUCTS_DIR; };
		DAA08F0C2239406700E944FE /* driverTerraceTests.m */ = {isa = PBXFileReference; lastKnownFileType = sourcecode.c.objc; path = driverTerraceTests.m; sourceTree = "<group>"; };
		DAA08F0E2239406700E944FE /* Info.plist */ = {isa = PBXFileReference; lastKnownFileType = text.plist.xml; path = Info.plist; sourceTree = "<group>"; };
		DAA08F132239406700E944FE /* driverTerraceUITests.xctest */ = {isa = PBXFileReference; explicitFileType = wrapper.cfbundle; includeInIndex = 0; path = driverTerraceUITests.xctest; sourceTree = BUILT_PRODUCTS_DIR; };
		DAA08F172239406700E944FE /* driverTerraceUITests.m */ = {isa = PBXFileReference; lastKnownFileType = sourcecode.c.objc; path = driverTerraceUITests.m; sourceTree = "<group>"; };
		DAA08F192239406700E944FE /* Info.plist */ = {isa = PBXFileReference; lastKnownFileType = text.plist.xml; path = Info.plist; sourceTree = "<group>"; };
		DAA08F5B22394A5C00E944FE /* PrefixHeader.pch */ = {isa = PBXFileReference; lastKnownFileType = sourcecode.c.h; path = PrefixHeader.pch; sourceTree = "<group>"; };
		DAA08F5C22394A6B00E944FE /* ViewSetting.h */ = {isa = PBXFileReference; lastKnownFileType = sourcecode.c.h; path = ViewSetting.h; sourceTree = "<group>"; };
		DAA08F5D22394A7B00E944FE /* UrlSetting.h */ = {isa = PBXFileReference; lastKnownFileType = sourcecode.c.h; path = UrlSetting.h; sourceTree = "<group>"; };
		DAA08F5F22394CCE00E944FE /* BaseView.m */ = {isa = PBXFileReference; fileEncoding = 4; lastKnownFileType = sourcecode.c.objc; path = BaseView.m; sourceTree = "<group>"; };
		DAA08F6022394CCE00E944FE /* BaseViewController.m */ = {isa = PBXFileReference; fileEncoding = 4; lastKnownFileType = sourcecode.c.objc; path = BaseViewController.m; sourceTree = "<group>"; };
		DAA08F6222394CCE00E944FE /* BaseNavController.h */ = {isa = PBXFileReference; fileEncoding = 4; lastKnownFileType = sourcecode.c.h; path = BaseNavController.h; sourceTree = "<group>"; };
		DAA08F6422394CCE00E944FE /* BaseTableView.m */ = {isa = PBXFileReference; fileEncoding = 4; lastKnownFileType = sourcecode.c.objc; path = BaseTableView.m; sourceTree = "<group>"; };
		DAA08F6522394CCE00E944FE /* BaseView.h */ = {isa = PBXFileReference; fileEncoding = 4; lastKnownFileType = sourcecode.c.h; path = BaseView.h; sourceTree = "<group>"; };
		DAA08F6622394CCE00E944FE /* BaseNavController.m */ = {isa = PBXFileReference; fileEncoding = 4; lastKnownFileType = sourcecode.c.objc; path = BaseNavController.m; sourceTree = "<group>"; };
		DAA08F6822394CCE00E944FE /* BaseViewController.h */ = {isa = PBXFileReference; fileEncoding = 4; lastKnownFileType = sourcecode.c.h; path = BaseViewController.h; sourceTree = "<group>"; };
		DAA08F6922394CCE00E944FE /* BaseTableView.h */ = {isa = PBXFileReference; fileEncoding = 4; lastKnownFileType = sourcecode.c.h; path = BaseTableView.h; sourceTree = "<group>"; };
		DAA08F7122394D3000E944FE /* HomeViewController.h */ = {isa = PBXFileReference; lastKnownFileType = sourcecode.c.h; path = HomeViewController.h; sourceTree = "<group>"; };
		DAA08F7222394D3000E944FE /* HomeViewController.m */ = {isa = PBXFileReference; lastKnownFileType = sourcecode.c.objc; path = HomeViewController.m; sourceTree = "<group>"; };
		DAA08F7722394FF300E944FE /* LoginView.h */ = {isa = PBXFileReference; lastKnownFileType = sourcecode.c.h; path = LoginView.h; sourceTree = "<group>"; };
		DAA08F7822394FF300E944FE /* LoginView.m */ = {isa = PBXFileReference; lastKnownFileType = sourcecode.c.objc; path = LoginView.m; sourceTree = "<group>"; };
		DAA08F7A2239508000E944FE /* LoginViewController.h */ = {isa = PBXFileReference; lastKnownFileType = sourcecode.c.h; path = LoginViewController.h; sourceTree = "<group>"; };
		DAA08F7B2239508000E944FE /* LoginViewController.m */ = {isa = PBXFileReference; lastKnownFileType = sourcecode.c.objc; path = LoginViewController.m; sourceTree = "<group>"; };
		DAA08F7E2239513A00E944FE /* LoginTextView.h */ = {isa = PBXFileReference; lastKnownFileType = sourcecode.c.h; path = LoginTextView.h; sourceTree = "<group>"; };
		DAA08F7F2239513A00E944FE /* LoginTextView.m */ = {isa = PBXFileReference; lastKnownFileType = sourcecode.c.objc; path = LoginTextView.m; sourceTree = "<group>"; };
		DAA08F81223A945200E944FE /* HomeTopView.h */ = {isa = PBXFileReference; lastKnownFileType = sourcecode.c.h; path = HomeTopView.h; sourceTree = "<group>"; };
		DAA08F82223A945200E944FE /* HomeTopView.m */ = {isa = PBXFileReference; lastKnownFileType = sourcecode.c.objc; path = HomeTopView.m; sourceTree = "<group>"; };
		DAA08F84223A946800E944FE /* HomePeopleView.h */ = {isa = PBXFileReference; lastKnownFileType = sourcecode.c.h; path = HomePeopleView.h; sourceTree = "<group>"; };
		DAA08F85223A946800E944FE /* HomePeopleView.m */ = {isa = PBXFileReference; lastKnownFileType = sourcecode.c.objc; path = HomePeopleView.m; sourceTree = "<group>"; };
		DAA08F87223AB7AC00E944FE /* RouteViewController.h */ = {isa = PBXFileReference; lastKnownFileType = sourcecode.c.h; path = RouteViewController.h; sourceTree = "<group>"; };
		DAA08F88223AB7AC00E944FE /* RouteViewController.m */ = {isa = PBXFileReference; lastKnownFileType = sourcecode.c.objc; path = RouteViewController.m; sourceTree = "<group>"; };
		DAA08F8A223AB7BB00E944FE /* RouteDetailViewController.h */ = {isa = PBXFileReference; lastKnownFileType = sourcecode.c.h; path = RouteDetailViewController.h; sourceTree = "<group>"; };
		DAA08F8B223AB7BB00E944FE /* RouteDetailViewController.m */ = {isa = PBXFileReference; lastKnownFileType = sourcecode.c.objc; path = RouteDetailViewController.m; sourceTree = "<group>"; };
		DAA08F8D223AB7D000E944FE /* RouteView.h */ = {isa = PBXFileReference; lastKnownFileType = sourcecode.c.h; path = RouteView.h; sourceTree = "<group>"; };
		DAA08F8E223AB7D000E944FE /* RouteView.m */ = {isa = PBXFileReference; lastKnownFileType = sourcecode.c.objc; path = RouteView.m; sourceTree = "<group>"; };
		DAA08F91223AB8BF00E944FE /* RouteViewTableViewCell.h */ = {isa = PBXFileReference; lastKnownFileType = sourcecode.c.h; path = RouteViewTableViewCell.h; sourceTree = "<group>"; };
		DAA08F92223AB8BF00E944FE /* RouteViewTableViewCell.m */ = {isa = PBXFileReference; lastKnownFileType = sourcecode.c.objc; path = RouteViewTableViewCell.m; sourceTree = "<group>"; };
		DAA08F94223AC07400E944FE /* RouteDetailView.h */ = {isa = PBXFileReference; lastKnownFileType = sourcecode.c.h; path = RouteDetailView.h; sourceTree = "<group>"; };
		DAA08F95223AC07400E944FE /* RouteDetailView.m */ = {isa = PBXFileReference; lastKnownFileType = sourcecode.c.objc; path = RouteDetailView.m; sourceTree = "<group>"; };
		DAA08F98223AC09D00E944FE /* RouteDetailTableViewCell.h */ = {isa = PBXFileReference; lastKnownFileType = sourcecode.c.h; path = RouteDetailTableViewCell.h; sourceTree = "<group>"; };
		DAA08F99223AC09D00E944FE /* RouteDetailTableViewCell.m */ = {isa = PBXFileReference; lastKnownFileType = sourcecode.c.objc; path = RouteDetailTableViewCell.m; sourceTree = "<group>"; };
		DAA08F9E223ACA3100E944FE /* RouteDetailTopTableViewCell.h */ = {isa = PBXFileReference; lastKnownFileType = sourcecode.c.h; path = RouteDetailTopTableViewCell.h; sourceTree = "<group>"; };
		DAA08F9F223ACA3100E944FE /* RouteDetailTopTableViewCell.m */ = {isa = PBXFileReference; lastKnownFileType = sourcecode.c.objc; path = RouteDetailTopTableViewCell.m; sourceTree = "<group>"; };
		DAA08FA0223ACA3100E944FE /* RouteDetailTopTableViewCell.xib */ = {isa = PBXFileReference; lastKnownFileType = file.xib; path = RouteDetailTopTableViewCell.xib; sourceTree = "<group>"; };
/* End PBXFileReference section */

/* Begin PBXFrameworksBuildPhase section */
		DAA08EED2239406300E944FE /* Frameworks */ = {
			isa = PBXFrameworksBuildPhase;
			buildActionMask = 2147483647;
			files = (
				28751140572E12D2109013FA /* libPods-driverTerrace.a in Frameworks */,
			);
			runOnlyForDeploymentPostprocessing = 0;
		};
		DAA08F052239406700E944FE /* Frameworks */ = {
			isa = PBXFrameworksBuildPhase;
			buildActionMask = 2147483647;
			files = (
			);
			runOnlyForDeploymentPostprocessing = 0;
		};
		DAA08F102239406700E944FE /* Frameworks */ = {
			isa = PBXFrameworksBuildPhase;
			buildActionMask = 2147483647;
			files = (
			);
			runOnlyForDeploymentPostprocessing = 0;
		};
/* End PBXFrameworksBuildPhase section */

/* Begin PBXGroup section */
		24031B969DB148C06D9A1BA8 /* Frameworks */ = {
			isa = PBXGroup;
			children = (
				22FD2875E51B8A57DE8B8148 /* libPods-driverTerrace.a */,
			);
			name = Frameworks;
			sourceTree = "<group>";
		};
		B0474D80223BAED2003C6AEE /* CityViewController */ = {
			isa = PBXGroup;
			children = (
				B0474D81223BAEED003C6AEE /* CityViewController.h */,
				B0474D82223BAEED003C6AEE /* CityViewController.m */,
			);
			path = CityViewController;
			sourceTree = "<group>";
		};
		C159C779D83309567C2063DF /* Pods */ = {
			isa = PBXGroup;
			children = (
				34A57B9EC30AD0E5F955AF52 /* Pods-driverTerrace.debug.xcconfig */,
				2C7B1639EF61C1F0557DEDA1 /* Pods-driverTerrace.release.xcconfig */,
			);
			name = Pods;
			sourceTree = "<group>";
		};
		DAA08EE72239406300E944FE = {
			isa = PBXGroup;
			children = (
				DAA08EF22239406300E944FE /* driverTerrace */,
				DAA08F0B2239406700E944FE /* driverTerraceTests */,
				DAA08F162239406700E944FE /* driverTerraceUITests */,
				DAA08EF12239406300E944FE /* Products */,
				C159C779D83309567C2063DF /* Pods */,
				24031B969DB148C06D9A1BA8 /* Frameworks */,
			);
			sourceTree = "<group>";
		};
		DAA08EF12239406300E944FE /* Products */ = {
			isa = PBXGroup;
			children = (
				DAA08EF02239406300E944FE /* driverTerrace.app */,
				DAA08F082239406700E944FE /* driverTerraceTests.xctest */,
				DAA08F132239406700E944FE /* driverTerraceUITests.xctest */,
			);
			name = Products;
			sourceTree = "<group>";
		};
		DAA08EF22239406300E944FE /* driverTerrace */ = {
			isa = PBXGroup;
			children = (
				DAA08F5E22394CCE00E944FE /* Base */,
				DAA08F5A22394A2700E944FE /* Setting */,
				DAA08F4B223949F500E944FE /* LoginViewController */,
				DAA08F3C223949F500E944FE /* RegisterViewController */,
				DAA08F32223949F400E944FE /* ResetPassViewController */,
				DAA08F55223949F500E944FE /* MyViewController */,
				DAA08F46223949F500E944FE /* AddPassengerViewController */,
				B0474D80223BAED2003C6AEE /* CityViewController */,
				DAA08F37223949F500E944FE /* RouteDetailViewController */,
				DAA08F2D223949F400E944FE /* RouteViewController */,
				DAA08F41223949F500E944FE /* SettingViewController */,
				DAA08F27223942FD00E944FE /* HomeViewController */,
				DAA08EF32239406300E944FE /* AppDelegate.h */,
				DAA08EF42239406300E944FE /* AppDelegate.m */,
				DAA08EF62239406300E944FE /* ViewController.h */,
				DAA08EF72239406300E944FE /* ViewController.m */,
				DAA08EF92239406300E944FE /* Main.storyboard */,
				DAA08EFC2239406700E944FE /* Assets.xcassets */,
				DAA08EFE2239406700E944FE /* LaunchScreen.storyboard */,
				DAA08F012239406700E944FE /* Info.plist */,
				DAA08F022239406700E944FE /* main.m */,
			);
			path = driverTerrace;
			sourceTree = "<group>";
		};
		DAA08F0B2239406700E944FE /* driverTerraceTests */ = {
			isa = PBXGroup;
			children = (
				DAA08F0C2239406700E944FE /* driverTerraceTests.m */,
				DAA08F0E2239406700E944FE /* Info.plist */,
			);
			path = driverTerraceTests;
			sourceTree = "<group>";
		};
		DAA08F162239406700E944FE /* driverTerraceUITests */ = {
			isa = PBXGroup;
			children = (
				DAA08F172239406700E944FE /* driverTerraceUITests.m */,
				DAA08F192239406700E944FE /* Info.plist */,
			);
			path = driverTerraceUITests;
			sourceTree = "<group>";
		};
		DAA08F27223942FD00E944FE /* HomeViewController */ = {
			isa = PBXGroup;
			children = (
				DAA08F2C223944E900E944FE /* Model */,
				DAA08F2B2239431500E944FE /* Request */,
				DAA08F292239430E00E944FE /* View */,
				DAA08F7122394D3000E944FE /* HomeViewController.h */,
				DAA08F7222394D3000E944FE /* HomeViewController.m */,
			);
			path = HomeViewController;
			sourceTree = "<group>";
		};
		DAA08F292239430E00E944FE /* View */ = {
			isa = PBXGroup;
			children = (
				DAA08F81223A945200E944FE /* HomeTopView.h */,
				DAA08F82223A945200E944FE /* HomeTopView.m */,
				DAA08F84223A946800E944FE /* HomePeopleView.h */,
				DAA08F85223A946800E944FE /* HomePeopleView.m */,
				B0474D7D223B9ED6003C6AEE /* HomeUserView.h */,
				B0474D7E223B9ED6003C6AEE /* HomeUserView.m */,
			);
			path = View;
			sourceTree = "<group>";
		};
		DAA08F2B2239431500E944FE /* Request */ = {
			isa = PBXGroup;
			children = (
			);
			path = Request;
			sourceTree = "<group>";
		};
		DAA08F2C223944E900E944FE /* Model */ = {
			isa = PBXGroup;
			children = (
			);
			path = Model;
			sourceTree = "<group>";
		};
		DAA08F2D223949F400E944FE /* RouteViewController */ = {
			isa = PBXGroup;
			children = (
				DAA08F2F223949F400E944FE /* Model */,
				DAA08F30223949F400E944FE /* View */,
				DAA08F31223949F400E944FE /* Request */,
				DAA08F87223AB7AC00E944FE /* RouteViewController.h */,
				DAA08F88223AB7AC00E944FE /* RouteViewController.m */,
			);
			path = RouteViewController;
			sourceTree = "<group>";
		};
		DAA08F2F223949F400E944FE /* Model */ = {
			isa = PBXGroup;
			children = (
			);
			path = Model;
			sourceTree = "<group>";
		};
		DAA08F30223949F400E944FE /* View */ = {
			isa = PBXGroup;
			children = (
				DAA08F90223AB8A200E944FE /* cells */,
				DAA08F8D223AB7D000E944FE /* RouteView.h */,
				DAA08F8E223AB7D000E944FE /* RouteView.m */,
			);
			path = View;
			sourceTree = "<group>";
		};
		DAA08F31223949F400E944FE /* Request */ = {
			isa = PBXGroup;
			children = (
			);
			path = Request;
			sourceTree = "<group>";
		};
		DAA08F32223949F400E944FE /* ResetPassViewController */ = {
			isa = PBXGroup;
			children = (
				DAA08F33223949F400E944FE /* Controller */,
				DAA08F34223949F400E944FE /* Model */,
				DAA08F35223949F400E944FE /* View */,
				DAA08F36223949F400E944FE /* Request */,
			);
			path = ResetPassViewController;
			sourceTree = "<group>";
		};
		DAA08F33223949F400E944FE /* Controller */ = {
			isa = PBXGroup;
			children = (
			);
			path = Controller;
			sourceTree = "<group>";
		};
		DAA08F34223949F400E944FE /* Model */ = {
			isa = PBXGroup;
			children = (
			);
			path = Model;
			sourceTree = "<group>";
		};
		DAA08F35223949F400E944FE /* View */ = {
			isa = PBXGroup;
			children = (
			);
			path = View;
			sourceTree = "<group>";
		};
		DAA08F36223949F400E944FE /* Request */ = {
			isa = PBXGroup;
			children = (
			);
			path = Request;
			sourceTree = "<group>";
		};
		DAA08F37223949F500E944FE /* RouteDetailViewController */ = {
			isa = PBXGroup;
			children = (
				DAA08F39223949F500E944FE /* Model */,
				DAA08F3A223949F500E944FE /* View */,
				DAA08F3B223949F500E944FE /* Request */,
				DAA08F8A223AB7BB00E944FE /* RouteDetailViewController.h */,
				DAA08F8B223AB7BB00E944FE /* RouteDetailViewController.m */,
			);
			path = RouteDetailViewController;
			sourceTree = "<group>";
		};
		DAA08F39223949F500E944FE /* Model */ = {
			isa = PBXGroup;
			children = (
			);
			path = Model;
			sourceTree = "<group>";
		};
		DAA08F3A223949F500E944FE /* View */ = {
			isa = PBXGroup;
			children = (
				DAA08F97223AC07D00E944FE /* Cell */,
				DAA08F94223AC07400E944FE /* RouteDetailView.h */,
				DAA08F95223AC07400E944FE /* RouteDetailView.m */,
			);
			path = View;
			sourceTree = "<group>";
		};
		DAA08F3B223949F500E944FE /* Request */ = {
			isa = PBXGroup;
			children = (
			);
			path = Request;
			sourceTree = "<group>";
		};
		DAA08F3C223949F500E944FE /* RegisterViewController */ = {
			isa = PBXGroup;
			children = (
				DAA08F3D223949F500E944FE /* Controller */,
				DAA08F3E223949F500E944FE /* Model */,
				DAA08F3F223949F500E944FE /* View */,
				DAA08F40223949F500E944FE /* Request */,
			);
			path = RegisterViewController;
			sourceTree = "<group>";
		};
		DAA08F3D223949F500E944FE /* Controller */ = {
			isa = PBXGroup;
			children = (
			);
			path = Controller;
			sourceTree = "<group>";
		};
		DAA08F3E223949F500E944FE /* Model */ = {
			isa = PBXGroup;
			children = (
			);
			path = Model;
			sourceTree = "<group>";
		};
		DAA08F3F223949F500E944FE /* View */ = {
			isa = PBXGroup;
			children = (
			);
			path = View;
			sourceTree = "<group>";
		};
		DAA08F40223949F500E944FE /* Request */ = {
			isa = PBXGroup;
			children = (
			);
			path = Request;
			sourceTree = "<group>";
		};
		DAA08F41223949F500E944FE /* SettingViewController */ = {
			isa = PBXGroup;
			children = (
				DAA08F42223949F500E944FE /* Controller */,
				DAA08F43223949F500E944FE /* Model */,
				DAA08F44223949F500E944FE /* View */,
				DAA08F45223949F500E944FE /* Request */,
			);
			path = SettingViewController;
			sourceTree = "<group>";
		};
		DAA08F42223949F500E944FE /* Controller */ = {
			isa = PBXGroup;
			children = (
			);
			path = Controller;
			sourceTree = "<group>";
		};
		DAA08F43223949F500E944FE /* Model */ = {
			isa = PBXGroup;
			children = (
			);
			path = Model;
			sourceTree = "<group>";
		};
		DAA08F44223949F500E944FE /* View */ = {
			isa = PBXGroup;
			children = (
			);
			path = View;
			sourceTree = "<group>";
		};
		DAA08F45223949F500E944FE /* Request */ = {
			isa = PBXGroup;
			children = (
			);
			path = Request;
			sourceTree = "<group>";
		};
		DAA08F46223949F500E944FE /* AddPassengerViewController */ = {
			isa = PBXGroup;
			children = (
				DAA08F47223949F500E944FE /* Controller */,
				DAA08F48223949F500E944FE /* Model */,
				DAA08F49223949F500E944FE /* View */,
				DAA08F4A223949F500E944FE /* Request */,
			);
			path = AddPassengerViewController;
			sourceTree = "<group>";
		};
		DAA08F47223949F500E944FE /* Controller */ = {
			isa = PBXGroup;
			children = (
			);
			path = Controller;
			sourceTree = "<group>";
		};
		DAA08F48223949F500E944FE /* Model */ = {
			isa = PBXGroup;
			children = (
			);
			path = Model;
			sourceTree = "<group>";
		};
		DAA08F49223949F500E944FE /* View */ = {
			isa = PBXGroup;
			children = (
			);
			path = View;
			sourceTree = "<group>";
		};
		DAA08F4A223949F500E944FE /* Request */ = {
			isa = PBXGroup;
			children = (
			);
			path = Request;
			sourceTree = "<group>";
		};
		DAA08F4B223949F500E944FE /* LoginViewController */ = {
			isa = PBXGroup;
			children = (
				DAA08F4D223949F500E944FE /* Model */,
				DAA08F4E223949F500E944FE /* View */,
				DAA08F4F223949F500E944FE /* Request */,
				DAA08F7A2239508000E944FE /* LoginViewController.h */,
				DAA08F7B2239508000E944FE /* LoginViewController.m */,
			);
			path = LoginViewController;
			sourceTree = "<group>";
		};
		DAA08F4D223949F500E944FE /* Model */ = {
			isa = PBXGroup;
			children = (
			);
			path = Model;
			sourceTree = "<group>";
		};
		DAA08F4E223949F500E944FE /* View */ = {
			isa = PBXGroup;
			children = (
				DAA08F7D2239512300E944FE /* LoginTextView */,
				DAA08F7722394FF300E944FE /* LoginView.h */,
				DAA08F7822394FF300E944FE /* LoginView.m */,
			);
			path = View;
			sourceTree = "<group>";
		};
		DAA08F4F223949F500E944FE /* Request */ = {
			isa = PBXGroup;
			children = (
			);
			path = Request;
			sourceTree = "<group>";
		};
		DAA08F55223949F500E944FE /* MyViewController */ = {
			isa = PBXGroup;
			children = (
				DAA08F56223949F500E944FE /* Controller */,
				DAA08F57223949F500E944FE /* Model */,
				DAA08F58223949F500E944FE /* View */,
				DAA08F59223949F500E944FE /* Request */,
			);
			path = MyViewController;
			sourceTree = "<group>";
		};
		DAA08F56223949F500E944FE /* Controller */ = {
			isa = PBXGroup;
			children = (
			);
			path = Controller;
			sourceTree = "<group>";
		};
		DAA08F57223949F500E944FE /* Model */ = {
			isa = PBXGroup;
			children = (
			);
			path = Model;
			sourceTree = "<group>";
		};
		DAA08F58223949F500E944FE /* View */ = {
			isa = PBXGroup;
			children = (
			);
			path = View;
			sourceTree = "<group>";
		};
		DAA08F59223949F500E944FE /* Request */ = {
			isa = PBXGroup;
			children = (
			);
			path = Request;
			sourceTree = "<group>";
		};
		DAA08F5A22394A2700E944FE /* Setting */ = {
			isa = PBXGroup;
			children = (
				DAA08F5B22394A5C00E944FE /* PrefixHeader.pch */,
				DAA08F5C22394A6B00E944FE /* ViewSetting.h */,
				DAA08F5D22394A7B00E944FE /* UrlSetting.h */,
			);
			path = Setting;
			sourceTree = "<group>";
		};
		DAA08F5E22394CCE00E944FE /* Base */ = {
			isa = PBXGroup;
			children = (
				DAA08F6522394CCE00E944FE /* BaseView.h */,
				DAA08F5F22394CCE00E944FE /* BaseView.m */,
				DAA08F6822394CCE00E944FE /* BaseViewController.h */,
				DAA08F6022394CCE00E944FE /* BaseViewController.m */,
				DAA08F6222394CCE00E944FE /* BaseNavController.h */,
				DAA08F6622394CCE00E944FE /* BaseNavController.m */,
				DAA08F6922394CCE00E944FE /* BaseTableView.h */,
				DAA08F6422394CCE00E944FE /* BaseTableView.m */,
			);
			path = Base;
			sourceTree = "<group>";
		};
		DAA08F7D2239512300E944FE /* LoginTextView */ = {
			isa = PBXGroup;
			children = (
				DAA08F7E2239513A00E944FE /* LoginTextView.h */,
				DAA08F7F2239513A00E944FE /* LoginTextView.m */,
			);
			path = LoginTextView;
			sourceTree = "<group>";
		};
		DAA08F90223AB8A200E944FE /* cells */ = {
			isa = PBXGroup;
			children = (
				DAA08F91223AB8BF00E944FE /* RouteViewTableViewCell.h */,
				DAA08F92223AB8BF00E944FE /* RouteViewTableViewCell.m */,
			);
			path = cells;
			sourceTree = "<group>";
		};
		DAA08F97223AC07D00E944FE /* Cell */ = {
			isa = PBXGroup;
			children = (
				DAA08F98223AC09D00E944FE /* RouteDetailTableViewCell.h */,
				DAA08F99223AC09D00E944FE /* RouteDetailTableViewCell.m */,
				DAA08F9E223ACA3100E944FE /* RouteDetailTopTableViewCell.h */,
				DAA08F9F223ACA3100E944FE /* RouteDetailTopTableViewCell.m */,
				DAA08FA0223ACA3100E944FE /* RouteDetailTopTableViewCell.xib */,
			);
			path = Cell;
			sourceTree = "<group>";
		};
/* End PBXGroup section */

/* Begin PBXNativeTarget section */
		DAA08EEF2239406300E944FE /* driverTerrace */ = {
			isa = PBXNativeTarget;
			buildConfigurationList = DAA08F1C2239406700E944FE /* Build configuration list for PBXNativeTarget "driverTerrace" */;
			buildPhases = (
				74E59F83F1431D0A650ACADC /* [CP] Check Pods Manifest.lock */,
				DAA08EEC2239406300E944FE /* Sources */,
				DAA08EED2239406300E944FE /* Frameworks */,
				DAA08EEE2239406300E944FE /* Resources */,
				DB438EF87F52D22FE9F9992A /* [CP] Copy Pods Resources */,
			);
			buildRules = (
			);
			dependencies = (
			);
			name = driverTerrace;
			productName = driverTerrace;
			productReference = DAA08EF02239406300E944FE /* driverTerrace.app */;
			productType = "com.apple.product-type.application";
		};
		DAA08F072239406700E944FE /* driverTerraceTests */ = {
			isa = PBXNativeTarget;
			buildConfigurationList = DAA08F1F2239406700E944FE /* Build configuration list for PBXNativeTarget "driverTerraceTests" */;
			buildPhases = (
				DAA08F042239406700E944FE /* Sources */,
				DAA08F052239406700E944FE /* Frameworks */,
				DAA08F062239406700E944FE /* Resources */,
			);
			buildRules = (
			);
			dependencies = (
				DAA08F0A2239406700E944FE /* PBXTargetDependency */,
			);
			name = driverTerraceTests;
			productName = driverTerraceTests;
			productReference = DAA08F082239406700E944FE /* driverTerraceTests.xctest */;
			productType = "com.apple.product-type.bundle.unit-test";
		};
		DAA08F122239406700E944FE /* driverTerraceUITests */ = {
			isa = PBXNativeTarget;
			buildConfigurationList = DAA08F222239406700E944FE /* Build configuration list for PBXNativeTarget "driverTerraceUITests" */;
			buildPhases = (
				DAA08F0F2239406700E944FE /* Sources */,
				DAA08F102239406700E944FE /* Frameworks */,
				DAA08F112239406700E944FE /* Resources */,
			);
			buildRules = (
			);
			dependencies = (
				DAA08F152239406700E944FE /* PBXTargetDependency */,
			);
			name = driverTerraceUITests;
			productName = driverTerraceUITests;
			productReference = DAA08F132239406700E944FE /* driverTerraceUITests.xctest */;
			productType = "com.apple.product-type.bundle.ui-testing";
		};
/* End PBXNativeTarget section */

/* Begin PBXProject section */
		DAA08EE82239406300E944FE /* Project object */ = {
			isa = PBXProject;
			attributes = {
				LastUpgradeCheck = 1010;
				ORGANIZATIONNAME = xuannalisha;
				TargetAttributes = {
					DAA08EEF2239406300E944FE = {
						CreatedOnToolsVersion = 10.1;
					};
					DAA08F072239406700E944FE = {
						CreatedOnToolsVersion = 10.1;
						TestTargetID = DAA08EEF2239406300E944FE;
					};
					DAA08F122239406700E944FE = {
						CreatedOnToolsVersion = 10.1;
						TestTargetID = DAA08EEF2239406300E944FE;
					};
				};
			};
			buildConfigurationList = DAA08EEB2239406300E944FE /* Build configuration list for PBXProject "driverTerrace" */;
			compatibilityVersion = "Xcode 9.3";
			developmentRegion = en;
			hasScannedForEncodings = 0;
			knownRegions = (
				en,
				Base,
			);
			mainGroup = DAA08EE72239406300E944FE;
			productRefGroup = DAA08EF12239406300E944FE /* Products */;
			projectDirPath = "";
			projectRoot = "";
			targets = (
				DAA08EEF2239406300E944FE /* driverTerrace */,
				DAA08F072239406700E944FE /* driverTerraceTests */,
				DAA08F122239406700E944FE /* driverTerraceUITests */,
			);
		};
/* End PBXProject section */

/* Begin PBXResourcesBuildPhase section */
		DAA08EEE2239406300E944FE /* Resources */ = {
			isa = PBXResourcesBuildPhase;
			buildActionMask = 2147483647;
			files = (
				DAA08FA2223ACA3100E944FE /* RouteDetailTopTableViewCell.xib in Resources */,
				DAA08F002239406700E944FE /* LaunchScreen.storyboard in Resources */,
				DAA08EFD2239406700E944FE /* Assets.xcassets in Resources */,
				DAA08EFB2239406300E944FE /* Main.storyboard in Resources */,
			);
			runOnlyForDeploymentPostprocessing = 0;
		};
		DAA08F062239406700E944FE /* Resources */ = {
			isa = PBXResourcesBuildPhase;
			buildActionMask = 2147483647;
			files = (
			);
			runOnlyForDeploymentPostprocessing = 0;
		};
		DAA08F112239406700E944FE /* Resources */ = {
			isa = PBXResourcesBuildPhase;
			buildActionMask = 2147483647;
			files = (
			);
			runOnlyForDeploymentPostprocessing = 0;
		};
/* End PBXResourcesBuildPhase section */

/* Begin PBXShellScriptBuildPhase section */
		74E59F83F1431D0A650ACADC /* [CP] Check Pods Manifest.lock */ = {
			isa = PBXShellScriptBuildPhase;
			buildActionMask = 2147483647;
			files = (
			);
			inputPaths = (
				"${PODS_PODFILE_DIR_PATH}/Podfile.lock",
				"${PODS_ROOT}/Manifest.lock",
			);
			name = "[CP] Check Pods Manifest.lock";
			outputPaths = (
				"$(DERIVED_FILE_DIR)/Pods-driverTerrace-checkManifestLockResult.txt",
			);
			runOnlyForDeploymentPostprocessing = 0;
			shellPath = /bin/sh;
			shellScript = "diff \"${PODS_PODFILE_DIR_PATH}/Podfile.lock\" \"${PODS_ROOT}/Manifest.lock\" > /dev/null\nif [ $? != 0 ] ; then\n    # print error to STDERR\n    echo \"error: The sandbox is not in sync with the Podfile.lock. Run 'pod install' or update your CocoaPods installation.\" >&2\n    exit 1\nfi\n# This output is used by Xcode 'outputs' to avoid re-running this script phase.\necho \"SUCCESS\" > \"${SCRIPT_OUTPUT_FILE_0}\"\n";
			showEnvVarsInLog = 0;
		};
		DB438EF87F52D22FE9F9992A /* [CP] Copy Pods Resources */ = {
			isa = PBXShellScriptBuildPhase;
			buildActionMask = 2147483647;
			files = (
			);
			inputPaths = (
				"${SRCROOT}/Pods/Target Support Files/Pods-driverTerrace/Pods-driverTerrace-resources.sh",
				"${PODS_ROOT}/IQKeyboardManager/IQKeyboardManager/Resources/IQKeyboardManager.bundle",
				"${PODS_ROOT}/MJRefresh/MJRefresh/MJRefresh.bundle",
			);
			name = "[CP] Copy Pods Resources";
			outputPaths = (
				"${TARGET_BUILD_DIR}/${UNLOCALIZED_RESOURCES_FOLDER_PATH}/IQKeyboardManager.bundle",
				"${TARGET_BUILD_DIR}/${UNLOCALIZED_RESOURCES_FOLDER_PATH}/MJRefresh.bundle",
			);
			runOnlyForDeploymentPostprocessing = 0;
			shellPath = /bin/sh;
			shellScript = "\"${SRCROOT}/Pods/Target Support Files/Pods-driverTerrace/Pods-driverTerrace-resources.sh\"\n";
			showEnvVarsInLog = 0;
		};
/* End PBXShellScriptBuildPhase section */

/* Begin PBXSourcesBuildPhase section */
		DAA08EEC2239406300E944FE /* Sources */ = {
			isa = PBXSourcesBuildPhase;
			buildActionMask = 2147483647;
			files = (
				DAA08F8F223AB7D000E944FE /* RouteView.m in Sources */,
				DAA08EF82239406300E944FE /* ViewController.m in Sources */,
				DAA08F6F22394CCE00E944FE /* BaseNavController.m in Sources */,
				DAA08F6C22394CCE00E944FE /* BaseViewController.m in Sources */,
				DAA08FA1223ACA3100E944FE /* RouteDetailTopTableViewCell.m in Sources */,
				DAA08F032239406700E944FE /* main.m in Sources */,
				DAA08F802239513A00E944FE /* LoginTextView.m in Sources */,
				DAA08F7C2239508000E944FE /* LoginViewController.m in Sources */,
				DAA08F86223A946800E944FE /* HomePeopleView.m in Sources */,
				DAA08F9A223AC09D00E944FE /* RouteDetailTableViewCell.m in Sources */,
				DAA08F7322394D3000E944FE /* HomeViewController.m in Sources */,
				DAA08EF52239406300E944FE /* AppDelegate.m in Sources */,
				DAA08F6B22394CCE00E944FE /* BaseView.m in Sources */,
				B0474D7F223B9ED6003C6AEE /* HomeUserView.m in Sources */,
				DAA08F7922394FF300E944FE /* LoginView.m in Sources */,
				DAA08F6E22394CCE00E944FE /* BaseTableView.m in Sources */,
				DAA08F96223AC07400E944FE /* RouteDetailView.m in Sources */,
				DAA08F89223AB7AC00E944FE /* RouteViewController.m in Sources */,
				DAA08F83223A945200E944FE /* HomeTopView.m in Sources */,
				B0474D83223BAEED003C6AEE /* CityViewController.m in Sources */,
				DAA08F8C223AB7BB00E944FE /* RouteDetailViewController.m in Sources */,
				DAA08F93223AB8BF00E944FE /* RouteViewTableViewCell.m in Sources */,
			);
			runOnlyForDeploymentPostprocessing = 0;
		};
		DAA08F042239406700E944FE /* Sources */ = {
			isa = PBXSourcesBuildPhase;
			buildActionMask = 2147483647;
			files = (
				DAA08F0D2239406700E944FE /* driverTerraceTests.m in Sources */,
			);
			runOnlyForDeploymentPostprocessing = 0;
		};
		DAA08F0F2239406700E944FE /* Sources */ = {
			isa = PBXSourcesBuildPhase;
			buildActionMask = 2147483647;
			files = (
				DAA08F182239406700E944FE /* driverTerraceUITests.m in Sources */,
			);
			runOnlyForDeploymentPostprocessing = 0;
		};
/* End PBXSourcesBuildPhase section */

/* Begin PBXTargetDependency section */
		DAA08F0A2239406700E944FE /* PBXTargetDependency */ = {
			isa = PBXTargetDependency;
			target = DAA08EEF2239406300E944FE /* driverTerrace */;
			targetProxy = DAA08F092239406700E944FE /* PBXContainerItemProxy */;
		};
		DAA08F152239406700E944FE /* PBXTargetDependency */ = {
			isa = PBXTargetDependency;
			target = DAA08EEF2239406300E944FE /* driverTerrace */;
			targetProxy = DAA08F142239406700E944FE /* PBXContainerItemProxy */;
		};
/* End PBXTargetDependency section */

/* Begin PBXVariantGroup section */
		DAA08EF92239406300E944FE /* Main.storyboard */ = {
			isa = PBXVariantGroup;
			children = (
				DAA08EFA2239406300E944FE /* Base */,
			);
			name = Main.storyboard;
			sourceTree = "<group>";
		};
		DAA08EFE2239406700E944FE /* LaunchScreen.storyboard */ = {
			isa = PBXVariantGroup;
			children = (
				DAA08EFF2239406700E944FE /* Base */,
			);
			name = LaunchScreen.storyboard;
			sourceTree = "<group>";
		};
/* End PBXVariantGroup section */

/* Begin XCBuildConfiguration section */
		DAA08F1A2239406700E944FE /* Debug */ = {
			isa = XCBuildConfiguration;
			buildSettings = {
				ALWAYS_SEARCH_USER_PATHS = NO;
				CLANG_ANALYZER_NONNULL = YES;
				CLANG_ANALYZER_NUMBER_OBJECT_CONVERSION = YES_AGGRESSIVE;
				CLANG_CXX_LANGUAGE_STANDARD = "gnu++14";
				CLANG_CXX_LIBRARY = "libc++";
				CLANG_ENABLE_MODULES = YES;
				CLANG_ENABLE_OBJC_ARC = YES;
				CLANG_ENABLE_OBJC_WEAK = YES;
				CLANG_WARN_BLOCK_CAPTURE_AUTORELEASING = YES;
				CLANG_WARN_BOOL_CONVERSION = YES;
				CLANG_WARN_COMMA = YES;
				CLANG_WARN_CONSTANT_CONVERSION = YES;
				CLANG_WARN_DEPRECATED_OBJC_IMPLEMENTATIONS = YES;
				CLANG_WARN_DIRECT_OBJC_ISA_USAGE = YES_ERROR;
				CLANG_WARN_DOCUMENTATION_COMMENTS = YES;
				CLANG_WARN_EMPTY_BODY = YES;
				CLANG_WARN_ENUM_CONVERSION = YES;
				CLANG_WARN_INFINITE_RECURSION = YES;
				CLANG_WARN_INT_CONVERSION = YES;
				CLANG_WARN_NON_LITERAL_NULL_CONVERSION = YES;
				CLANG_WARN_OBJC_IMPLICIT_RETAIN_SELF = YES;
				CLANG_WARN_OBJC_LITERAL_CONVERSION = YES;
				CLANG_WARN_OBJC_ROOT_CLASS = YES_ERROR;
				CLANG_WARN_RANGE_LOOP_ANALYSIS = YES;
				CLANG_WARN_STRICT_PROTOTYPES = YES;
				CLANG_WARN_SUSPICIOUS_MOVE = YES;
				CLANG_WARN_UNGUARDED_AVAILABILITY = YES_AGGRESSIVE;
				CLANG_WARN_UNREACHABLE_CODE = YES;
				CLANG_WARN__DUPLICATE_METHOD_MATCH = YES;
				CODE_SIGN_IDENTITY = "iPhone Developer";
				COPY_PHASE_STRIP = NO;
				DEBUG_INFORMATION_FORMAT = dwarf;
				ENABLE_STRICT_OBJC_MSGSEND = YES;
				ENABLE_TESTABILITY = YES;
				GCC_C_LANGUAGE_STANDARD = gnu11;
				GCC_DYNAMIC_NO_PIC = NO;
				GCC_NO_COMMON_BLOCKS = YES;
				GCC_OPTIMIZATION_LEVEL = 0;
				GCC_PREPROCESSOR_DEFINITIONS = (
					"DEBUG=1",
					"$(inherited)",
				);
				GCC_WARN_64_TO_32_BIT_CONVERSION = YES;
				GCC_WARN_ABOUT_RETURN_TYPE = YES_ERROR;
				GCC_WARN_UNDECLARED_SELECTOR = YES;
				GCC_WARN_UNINITIALIZED_AUTOS = YES_AGGRESSIVE;
				GCC_WARN_UNUSED_FUNCTION = YES;
				GCC_WARN_UNUSED_VARIABLE = YES;
				IPHONEOS_DEPLOYMENT_TARGET = 12.1;
				MTL_ENABLE_DEBUG_INFO = INCLUDE_SOURCE;
				MTL_FAST_MATH = YES;
				ONLY_ACTIVE_ARCH = YES;
				SDKROOT = iphoneos;
			};
			name = Debug;
		};
		DAA08F1B2239406700E944FE /* Release */ = {
			isa = XCBuildConfiguration;
			buildSettings = {
				ALWAYS_SEARCH_USER_PATHS = NO;
				CLANG_ANALYZER_NONNULL = YES;
				CLANG_ANALYZER_NUMBER_OBJECT_CONVERSION = YES_AGGRESSIVE;
				CLANG_CXX_LANGUAGE_STANDARD = "gnu++14";
				CLANG_CXX_LIBRARY = "libc++";
				CLANG_ENABLE_MODULES = YES;
				CLANG_ENABLE_OBJC_ARC = YES;
				CLANG_ENABLE_OBJC_WEAK = YES;
				CLANG_WARN_BLOCK_CAPTURE_AUTORELEASING = YES;
				CLANG_WARN_BOOL_CONVERSION = YES;
				CLANG_WARN_COMMA = YES;
				CLANG_WARN_CONSTANT_CONVERSION = YES;
				CLANG_WARN_DEPRECATED_OBJC_IMPLEMENTATIONS = YES;
				CLANG_WARN_DIRECT_OBJC_ISA_USAGE = YES_ERROR;
				CLANG_WARN_DOCUMENTATION_COMMENTS = YES;
				CLANG_WARN_EMPTY_BODY = YES;
				CLANG_WARN_ENUM_CONVERSION = YES;
				CLANG_WARN_INFINITE_RECURSION = YES;
				CLANG_WARN_INT_CONVERSION = YES;
				CLANG_WARN_NON_LITERAL_NULL_CONVERSION = YES;
				CLANG_WARN_OBJC_IMPLICIT_RETAIN_SELF = YES;
				CLANG_WARN_OBJC_LITERAL_CONVERSION = YES;
				CLANG_WARN_OBJC_ROOT_CLASS = YES_ERROR;
				CLANG_WARN_RANGE_LOOP_ANALYSIS = YES;
				CLANG_WARN_STRICT_PROTOTYPES = YES;
				CLANG_WARN_SUSPICIOUS_MOVE = YES;
				CLANG_WARN_UNGUARDED_AVAILABILITY = YES_AGGRESSIVE;
				CLANG_WARN_UNREACHABLE_CODE = YES;
				CLANG_WARN__DUPLICATE_METHOD_MATCH = YES;
				CODE_SIGN_IDENTITY = "iPhone Developer";
				COPY_PHASE_STRIP = NO;
				DEBUG_INFORMATION_FORMAT = "dwarf-with-dsym";
				ENABLE_NS_ASSERTIONS = NO;
				ENABLE_STRICT_OBJC_MSGSEND = YES;
				GCC_C_LANGUAGE_STANDARD = gnu11;
				GCC_NO_COMMON_BLOCKS = YES;
				GCC_WARN_64_TO_32_BIT_CONVERSION = YES;
				GCC_WARN_ABOUT_RETURN_TYPE = YES_ERROR;
				GCC_WARN_UNDECLARED_SELECTOR = YES;
				GCC_WARN_UNINITIALIZED_AUTOS = YES_AGGRESSIVE;
				GCC_WARN_UNUSED_FUNCTION = YES;
				GCC_WARN_UNUSED_VARIABLE = YES;
				IPHONEOS_DEPLOYMENT_TARGET = 12.1;
				MTL_ENABLE_DEBUG_INFO = NO;
				MTL_FAST_MATH = YES;
				SDKROOT = iphoneos;
				VALIDATE_PRODUCT = YES;
			};
			name = Release;
		};
		DAA08F1D2239406700E944FE /* Debug */ = {
			isa = XCBuildConfiguration;
			baseConfigurationReference = 34A57B9EC30AD0E5F955AF52 /* Pods-driverTerrace.debug.xcconfig */;
			buildSettings = {
				ASSETCATALOG_COMPILER_APPICON_NAME = AppIcon;
				CODE_SIGN_IDENTITY = "iPhone Developer";
				CODE_SIGN_STYLE = Automatic;
				DEVELOPMENT_TEAM = 52HKCP4F62;
				GCC_PRECOMPILE_PREFIX_HEADER = YES;
				GCC_PREFIX_HEADER = "$(SRCROOT)/driverTerrace/Setting/PrefixHeader.pch";
				INFOPLIST_FILE = driverTerrace/Info.plist;
				LD_RUNPATH_SEARCH_PATHS = (
					"$(inherited)",
					"@executable_path/Frameworks",
				);
				PRODUCT_BUNDLE_IDENTIFIER = com.fx.driverTerrace;
				PRODUCT_NAME = "$(TARGET_NAME)";
				PROVISIONING_PROFILE_SPECIFIER = "";
				TARGETED_DEVICE_FAMILY = "1,2";
				USER_HEADER_SEARCH_PATHS = "$(PODS_ROOT)/**";
			};
			name = Debug;
		};
		DAA08F1E2239406700E944FE /* Release */ = {
			isa = XCBuildConfiguration;
			baseConfigurationReference = 2C7B1639EF61C1F0557DEDA1 /* Pods-driverTerrace.release.xcconfig */;
			buildSettings = {
				ASSETCATALOG_COMPILER_APPICON_NAME = AppIcon;
				CODE_SIGN_IDENTITY = "iPhone Developer";
				CODE_SIGN_STYLE = Automatic;
				DEVELOPMENT_TEAM = 52HKCP4F62;
				GCC_PRECOMPILE_PREFIX_HEADER = YES;
				GCC_PREFIX_HEADER = "$(SRCROOT)/driverTerrace/Setting/PrefixHeader.pch";
				INFOPLIST_FILE = driverTerrace/Info.plist;
				LD_RUNPATH_SEARCH_PATHS = (
					"$(inherited)",
					"@executable_path/Frameworks",
				);
				PRODUCT_BUNDLE_IDENTIFIER = com.fx.driverTerrace;
				PRODUCT_NAME = "$(TARGET_NAME)";
				PROVISIONING_PROFILE_SPECIFIER = "";
				TARGETED_DEVICE_FAMILY = "1,2";
				USER_HEADER_SEARCH_PATHS = "$(PODS_ROOT)/**";
			};
			name = Release;
		};
		DAA08F202239406700E944FE /* Debug */ = {
			isa = XCBuildConfiguration;
			buildSettings = {
				BUNDLE_LOADER = "$(TEST_HOST)";
				CODE_SIGN_STYLE = Automatic;
				DEVELOPMENT_TEAM = 4C4BBJ8J25;
				INFOPLIST_FILE = driverTerraceTests/Info.plist;
				LD_RUNPATH_SEARCH_PATHS = (
					"$(inherited)",
					"@executable_path/Frameworks",
					"@loader_path/Frameworks",
				);
				PRODUCT_BUNDLE_IDENTIFIER = com.fx.driverTerraceTests;
				PRODUCT_NAME = "$(TARGET_NAME)";
				TARGETED_DEVICE_FAMILY = "1,2";
				TEST_HOST = "$(BUILT_PRODUCTS_DIR)/driverTerrace.app/driverTerrace";
			};
			name = Debug;
		};
		DAA08F212239406700E944FE /* Release */ = {
			isa = XCBuildConfiguration;
			buildSettings = {
				BUNDLE_LOADER = "$(TEST_HOST)";
				CODE_SIGN_STYLE = Automatic;
				DEVELOPMENT_TEAM = 4C4BBJ8J25;
				INFOPLIST_FILE = driverTerraceTests/Info.plist;
				LD_RUNPATH_SEARCH_PATHS = (
					"$(inherited)",
					"@executable_path/Frameworks",
					"@loader_path/Frameworks",
				);
				PRODUCT_BUNDLE_IDENTIFIER = com.fx.driverTerraceTests;
				PRODUCT_NAME = "$(TARGET_NAME)";
				TARGETED_DEVICE_FAMILY = "1,2";
				TEST_HOST = "$(BUILT_PRODUCTS_DIR)/driverTerrace.app/driverTerrace";
			};
			name = Release;
		};
		DAA08F232239406700E944FE /* Debug */ = {
			isa = XCBuildConfiguration;
			buildSettings = {
				CODE_SIGN_STYLE = Automatic;
				DEVELOPMENT_TEAM = 4C4BBJ8J25;
				INFOPLIST_FILE = driverTerraceUITests/Info.plist;
				LD_RUNPATH_SEARCH_PATHS = (
					"$(inherited)",
					"@executable_path/Frameworks",
					"@loader_path/Frameworks",
				);
				PRODUCT_BUNDLE_IDENTIFIER = com.fx.driverTerraceUITests;
				PRODUCT_NAME = "$(TARGET_NAME)";
				TARGETED_DEVICE_FAMILY = "1,2";
				TEST_TARGET_NAME = driverTerrace;
			};
			name = Debug;
		};
		DAA08F242239406700E944FE /* Release */ = {
			isa = XCBuildConfiguration;
			buildSettings = {
				CODE_SIGN_STYLE = Automatic;
				DEVELOPMENT_TEAM = 4C4BBJ8J25;
				INFOPLIST_FILE = driverTerraceUITests/Info.plist;
				LD_RUNPATH_SEARCH_PATHS = (
					"$(inherited)",
					"@executable_path/Frameworks",
					"@loader_path/Frameworks",
				);
				PRODUCT_BUNDLE_IDENTIFIER = com.fx.driverTerraceUITests;
				PRODUCT_NAME = "$(TARGET_NAME)";
				TARGETED_DEVICE_FAMILY = "1,2";
				TEST_TARGET_NAME = driverTerrace;
			};
			name = Release;
		};
/* End XCBuildConfiguration section */

/* Begin XCConfigurationList section */
		DAA08EEB2239406300E944FE /* Build configuration list for PBXProject "driverTerrace" */ = {
			isa = XCConfigurationList;
			buildConfigurations = (
				DAA08F1A2239406700E944FE /* Debug */,
				DAA08F1B2239406700E944FE /* Release */,
			);
			defaultConfigurationIsVisible = 0;
			defaultConfigurationName = Release;
		};
		DAA08F1C2239406700E944FE /* Build configuration list for PBXNativeTarget "driverTerrace" */ = {
			isa = XCConfigurationList;
			buildConfigurations = (
				DAA08F1D2239406700E944FE /* Debug */,
				DAA08F1E2239406700E944FE /* Release */,
			);
			defaultConfigurationIsVisible = 0;
			defaultConfigurationName = Release;
		};
		DAA08F1F2239406700E944FE /* Build configuration list for PBXNativeTarget "driverTerraceTests" */ = {
			isa = XCConfigurationList;
			buildConfigurations = (
				DAA08F202239406700E944FE /* Debug */,
				DAA08F212239406700E944FE /* Release */,
			);
			defaultConfigurationIsVisible = 0;
			defaultConfigurationName = Release;
		};
		DAA08F222239406700E944FE /* Build configuration list for PBXNativeTarget "driverTerraceUITests" */ = {
			isa = XCConfigurationList;
			buildConfigurations = (
				DAA08F232239406700E944FE /* Debug */,
				DAA08F242239406700E944FE /* Release */,
			);
			defaultConfigurationIsVisible = 0;
			defaultConfigurationName = Release;
		};
/* End XCConfigurationList section */
	};
	rootObject = DAA08EE82239406300E944FE /* Project object */;
}
